// !$*UTF8*$!
{
	archiveVersion = 1;
	classes = {
	};
	objectVersion = 56;
	objects = {

/* Begin PBXBuildFile section */
		65275C632BA7791A00EBCE34 /* MyProfileDetails.swift in Sources */ = {isa = PBXBuildFile; fileRef = 65275C622BA7791A00EBCE34 /* MyProfileDetails.swift */; };
		65585F5C2BBAADA3006EAE60 /* TripsTabBarView.swift in Sources */ = {isa = PBXBuildFile; fileRef = 65585F5B2BBAADA3006EAE60 /* TripsTabBarView.swift */; };
		65585F5E2BBAAEBA006EAE60 /* TripsTabBarButton.swift in Sources */ = {isa = PBXBuildFile; fileRef = 65585F5D2BBAAEBA006EAE60 /* TripsTabBarButton.swift */; };
		65585F612BBAB26A006EAE60 /* CompletedTripsView.swift in Sources */ = {isa = PBXBuildFile; fileRef = 65585F602BBAB26A006EAE60 /* CompletedTripsView.swift */; };
		65585F632BBAB274006EAE60 /* UpcomingTripsView.swift in Sources */ = {isa = PBXBuildFile; fileRef = 65585F622BBAB274006EAE60 /* UpcomingTripsView.swift */; };
		65585F672BBAB565006EAE60 /* TripsDetails.swift in Sources */ = {isa = PBXBuildFile; fileRef = 65585F662BBAB565006EAE60 /* TripsDetails.swift */; };
		656A8E612BB09D0B00985076 /* StoriesTabModel.swift in Sources */ = {isa = PBXBuildFile; fileRef = 656A8E602BB09D0B00985076 /* StoriesTabModel.swift */; };
		656A8E642BB09D2500985076 /* DataServices.swift in Sources */ = {isa = PBXBuildFile; fileRef = 656A8E632BB09D2500985076 /* DataServices.swift */; };
		656A8E662BB09E5C00985076 /* StoryView.swift in Sources */ = {isa = PBXBuildFile; fileRef = 656A8E652BB09E5C00985076 /* StoryView.swift */; };
		656A8E682BB0A8BD00985076 /* CustomStoryView.swift in Sources */ = {isa = PBXBuildFile; fileRef = 656A8E672BB0A8BD00985076 /* CustomStoryView.swift */; };
		656A8E6A2BB0AC1B00985076 /* ForYouViewModel.swift in Sources */ = {isa = PBXBuildFile; fileRef = 656A8E692BB0AC1B00985076 /* ForYouViewModel.swift */; };
		656A8E6C2BB0ACF800985076 /* ForYouView.swift in Sources */ = {isa = PBXBuildFile; fileRef = 656A8E6B2BB0ACF800985076 /* ForYouView.swift */; };
		656B97942BA6238C00A1F34C /* SignUpView.swift in Sources */ = {isa = PBXBuildFile; fileRef = 656B97932BA6238C00A1F34C /* SignUpView.swift */; };
		656B97982BA623A300A1F34C /* MySpaceView.swift in Sources */ = {isa = PBXBuildFile; fileRef = 656B97972BA623A300A1F34C /* MySpaceView.swift */; };
		65953F972BA6199E00381628 /* TripOnBuddyApp.swift in Sources */ = {isa = PBXBuildFile; fileRef = 65953F962BA6199E00381628 /* TripOnBuddyApp.swift */; };
		65953F992BA6199E00381628 /* RootView.swift in Sources */ = {isa = PBXBuildFile; fileRef = 65953F982BA6199E00381628 /* RootView.swift */; };
		65953F9B2BA619A000381628 /* Assets.xcassets in Resources */ = {isa = PBXBuildFile; fileRef = 65953F9A2BA619A000381628 /* Assets.xcassets */; };
		65953F9E2BA619A000381628 /* Preview Assets.xcassets in Resources */ = {isa = PBXBuildFile; fileRef = 65953F9D2BA619A000381628 /* Preview Assets.xcassets */; };
		65B2EC422BB93C4F00B775CC /* CustomTripCardView.swift in Sources */ = {isa = PBXBuildFile; fileRef = 65B2EC412BB93C4F00B775CC /* CustomTripCardView.swift */; };
		65B85BF22BA6420F00DC6BA2 /* CustomTextFieldView.swift in Sources */ = {isa = PBXBuildFile; fileRef = 65B85BF12BA6420F00DC6BA2 /* CustomTextFieldView.swift */; };
		65B85BF42BA6464500DC6BA2 /* OTPScreenView.swift in Sources */ = {isa = PBXBuildFile; fileRef = 65B85BF32BA6464400DC6BA2 /* OTPScreenView.swift */; };
		65B85BF62BA6467D00DC6BA2 /* InputOtpView.swift in Sources */ = {isa = PBXBuildFile; fileRef = 65B85BF52BA6467D00DC6BA2 /* InputOtpView.swift */; };
		65FC27C22BA76AC800BD123F /* TabBarView.swift in Sources */ = {isa = PBXBuildFile; fileRef = 65FC27C12BA76AC800BD123F /* TabBarView.swift */; };
		65FC27C82BA76FEA00BD123F /* ExploreView.swift in Sources */ = {isa = PBXBuildFile; fileRef = 65FC27C72BA76FEA00BD123F /* ExploreView.swift */; };
		65FC27CA2BA76FF500BD123F /* PostView.swift in Sources */ = {isa = PBXBuildFile; fileRef = 65FC27C92BA76FF500BD123F /* PostView.swift */; };
		65FC27CC2BA7700200BD123F /* TripsView.swift in Sources */ = {isa = PBXBuildFile; fileRef = 65FC27CB2BA7700200BD123F /* TripsView.swift */; };
		65FC27CE2BA7700F00BD123F /* ProfileView.swift in Sources */ = {isa = PBXBuildFile; fileRef = 65FC27CD2BA7700F00BD123F /* ProfileView.swift */; };
/* End PBXBuildFile section */

/* Begin PBXFileReference section */
		65275C622BA7791A00EBCE34 /* MyProfileDetails.swift */ = {isa = PBXFileReference; lastKnownFileType = sourcecode.swift; path = MyProfileDetails.swift; sourceTree = "<group>"; };
		65585F5B2BBAADA3006EAE60 /* TripsTabBarView.swift */ = {isa = PBXFileReference; lastKnownFileType = sourcecode.swift; path = TripsTabBarView.swift; sourceTree = "<group>"; };
		65585F5D2BBAAEBA006EAE60 /* TripsTabBarButton.swift */ = {isa = PBXFileReference; lastKnownFileType = sourcecode.swift; path = TripsTabBarButton.swift; sourceTree = "<group>"; };
		65585F602BBAB26A006EAE60 /* CompletedTripsView.swift */ = {isa = PBXFileReference; lastKnownFileType = sourcecode.swift; path = CompletedTripsView.swift; sourceTree = "<group>"; };
		65585F622BBAB274006EAE60 /* UpcomingTripsView.swift */ = {isa = PBXFileReference; lastKnownFileType = sourcecode.swift; path = UpcomingTripsView.swift; sourceTree = "<group>"; };
		65585F662BBAB565006EAE60 /* TripsDetails.swift */ = {isa = PBXFileReference; lastKnownFileType = sourcecode.swift; path = TripsDetails.swift; sourceTree = "<group>"; };
		656A8E602BB09D0B00985076 /* StoriesTabModel.swift */ = {isa = PBXFileReference; lastKnownFileType = sourcecode.swift; path = StoriesTabModel.swift; sourceTree = "<group>"; };
		656A8E632BB09D2500985076 /* DataServices.swift */ = {isa = PBXFileReference; lastKnownFileType = sourcecode.swift; path = DataServices.swift; sourceTree = "<group>"; };
		656A8E652BB09E5C00985076 /* StoryView.swift */ = {isa = PBXFileReference; lastKnownFileType = sourcecode.swift; path = StoryView.swift; sourceTree = "<group>"; };
		656A8E672BB0A8BD00985076 /* CustomStoryView.swift */ = {isa = PBXFileReference; lastKnownFileType = sourcecode.swift; path = CustomStoryView.swift; sourceTree = "<group>"; };
		656A8E692BB0AC1B00985076 /* ForYouViewModel.swift */ = {isa = PBXFileReference; lastKnownFileType = sourcecode.swift; path = ForYouViewModel.swift; sourceTree = "<group>"; };
		656A8E6B2BB0ACF800985076 /* ForYouView.swift */ = {isa = PBXFileReference; lastKnownFileType = sourcecode.swift; path = ForYouView.swift; sourceTree = "<group>"; };
		656B97932BA6238C00A1F34C /* SignUpView.swift */ = {isa = PBXFileReference; lastKnownFileType = sourcecode.swift; path = SignUpView.swift; sourceTree = "<group>"; };
		656B97972BA623A300A1F34C /* MySpaceView.swift */ = {isa = PBXFileReference; lastKnownFileType = sourcecode.swift; path = MySpaceView.swift; sourceTree = "<group>"; };
		65953F932BA6199E00381628 /* TripOnBuddy.app */ = {isa = PBXFileReference; explicitFileType = wrapper.application; includeInIndex = 0; path = TripOnBuddy.app; sourceTree = BUILT_PRODUCTS_DIR; };
		65953F962BA6199E00381628 /* TripOnBuddyApp.swift */ = {isa = PBXFileReference; lastKnownFileType = sourcecode.swift; path = TripOnBuddyApp.swift; sourceTree = "<group>"; };
		65953F982BA6199E00381628 /* RootView.swift */ = {isa = PBXFileReference; lastKnownFileType = sourcecode.swift; path = RootView.swift; sourceTree = "<group>"; };
		65953F9A2BA619A000381628 /* Assets.xcassets */ = {isa = PBXFileReference; lastKnownFileType = folder.assetcatalog; path = Assets.xcassets; sourceTree = "<group>"; };
		65953F9D2BA619A000381628 /* Preview Assets.xcassets */ = {isa = PBXFileReference; lastKnownFileType = folder.assetcatalog; path = "Preview Assets.xcassets"; sourceTree = "<group>"; };
		65B2EC412BB93C4F00B775CC /* CustomTripCardView.swift */ = {isa = PBXFileReference; lastKnownFileType = sourcecode.swift; path = CustomTripCardView.swift; sourceTree = "<group>"; };
		65B85BF12BA6420F00DC6BA2 /* CustomTextFieldView.swift */ = {isa = PBXFileReference; fileEncoding = 4; lastKnownFileType = sourcecode.swift; path = CustomTextFieldView.swift; sourceTree = "<group>"; };
		65B85BF32BA6464400DC6BA2 /* OTPScreenView.swift */ = {isa = PBXFileReference; fileEncoding = 4; lastKnownFileType = sourcecode.swift; path = OTPScreenView.swift; sourceTree = "<group>"; };
		65B85BF52BA6467D00DC6BA2 /* InputOtpView.swift */ = {isa = PBXFileReference; fileEncoding = 4; lastKnownFileType = sourcecode.swift; path = InputOtpView.swift; sourceTree = "<group>"; };
		65FC27C12BA76AC800BD123F /* TabBarView.swift */ = {isa = PBXFileReference; lastKnownFileType = sourcecode.swift; path = TabBarView.swift; sourceTree = "<group>"; };
		65FC27C72BA76FEA00BD123F /* ExploreView.swift */ = {isa = PBXFileReference; lastKnownFileType = sourcecode.swift; path = ExploreView.swift; sourceTree = "<group>"; };
		65FC27C92BA76FF500BD123F /* PostView.swift */ = {isa = PBXFileReference; lastKnownFileType = sourcecode.swift; path = PostView.swift; sourceTree = "<group>"; };
		65FC27CB2BA7700200BD123F /* TripsView.swift */ = {isa = PBXFileReference; lastKnownFileType = sourcecode.swift; path = TripsView.swift; sourceTree = "<group>"; };
		65FC27CD2BA7700F00BD123F /* ProfileView.swift */ = {isa = PBXFileReference; lastKnownFileType = sourcecode.swift; path = ProfileView.swift; sourceTree = "<group>"; };
/* End PBXFileReference section */

/* Begin PBXFrameworksBuildPhase section */
		65953F902BA6199E00381628 /* Frameworks */ = {
			isa = PBXFrameworksBuildPhase;
			buildActionMask = 2147483647;
			files = (
			);
			runOnlyForDeploymentPostprocessing = 0;
		};
/* End PBXFrameworksBuildPhase section */

/* Begin PBXGroup section */
		65275C612BA778FA00EBCE34 /* Models */ = {
			isa = PBXGroup;
			children = (
				65275C622BA7791A00EBCE34 /* MyProfileDetails.swift */,
				656A8E692BB0AC1B00985076 /* ForYouViewModel.swift */,
				65585F662BBAB565006EAE60 /* TripsDetails.swift */,
				656A8E602BB09D0B00985076 /* StoriesTabModel.swift */,
			);
			path = Models;
			sourceTree = "<group>";
		};
		65585F5F2BBAB246006EAE60 /* TripsTabsViews */ = {
			isa = PBXGroup;
			children = (
				65585F602BBAB26A006EAE60 /* CompletedTripsView.swift */,
				65585F622BBAB274006EAE60 /* UpcomingTripsView.swift */,
			);
			path = TripsTabsViews;
			sourceTree = "<group>";
		};
		656A8E622BB09D1300985076 /* ViewModel */ = {
			isa = PBXGroup;
			children = (
				656A8E632BB09D2500985076 /* DataServices.swift */,
			);
			path = ViewModel;
			sourceTree = "<group>";
		};
		656B97922BA6234A00A1F34C /* Views */ = {
			isa = PBXGroup;
			children = (
				656B97932BA6238C00A1F34C /* SignUpView.swift */,
				65B85BF32BA6464400DC6BA2 /* OTPScreenView.swift */,
				656B97972BA623A300A1F34C /* MySpaceView.swift */,
				656A8E652BB09E5C00985076 /* StoryView.swift */,
				65FC27C72BA76FEA00BD123F /* ExploreView.swift */,
				65FC27C92BA76FF500BD123F /* PostView.swift */,
				65FC27CB2BA7700200BD123F /* TripsView.swift */,
				65FC27CD2BA7700F00BD123F /* ProfileView.swift */,
				65585F5F2BBAB246006EAE60 /* TripsTabsViews */,
			);
			path = Views;
			sourceTree = "<group>";
		};
		65953F8A2BA6199E00381628 = {
			isa = PBXGroup;
			children = (
				65953F952BA6199E00381628 /* TripOnBuddy */,
				65953F942BA6199E00381628 /* Products */,
			);
			sourceTree = "<group>";
		};
		65953F942BA6199E00381628 /* Products */ = {
			isa = PBXGroup;
			children = (
				65953F932BA6199E00381628 /* TripOnBuddy.app */,
			);
			name = Products;
			sourceTree = "<group>";
		};
		65953F952BA6199E00381628 /* TripOnBuddy */ = {
			isa = PBXGroup;
			children = (
				65953F962BA6199E00381628 /* TripOnBuddyApp.swift */,
				65953F982BA6199E00381628 /* RootView.swift */,
				656B97922BA6234A00A1F34C /* Views */,
				65953F9A2BA619A000381628 /* Assets.xcassets */,
				656A8E622BB09D1300985076 /* ViewModel */,
				65275C612BA778FA00EBCE34 /* Models */,
				65FC27C02BA76A7700BD123F /* CustomViews */,
				65953F9C2BA619A000381628 /* Preview Content */,
			);
			path = TripOnBuddy;
			sourceTree = "<group>";
		};
		65953F9C2BA619A000381628 /* Preview Content */ = {
			isa = PBXGroup;
			children = (
				65953F9D2BA619A000381628 /* Preview Assets.xcassets */,
			);
			path = "Preview Content";
			sourceTree = "<group>";
		};
		65FC27C02BA76A7700BD123F /* CustomViews */ = {
			isa = PBXGroup;
			children = (
				65B85BF12BA6420F00DC6BA2 /* CustomTextFieldView.swift */,
				65FC27C12BA76AC800BD123F /* TabBarView.swift */,
				65B2EC412BB93C4F00B775CC /* CustomTripCardView.swift */,
				65585F5B2BBAADA3006EAE60 /* TripsTabBarView.swift */,
				65585F5D2BBAAEBA006EAE60 /* TripsTabBarButton.swift */,
				656A8E672BB0A8BD00985076 /* CustomStoryView.swift */,
				656A8E6B2BB0ACF800985076 /* ForYouView.swift */,
				65B85BF52BA6467D00DC6BA2 /* InputOtpView.swift */,
			);
			path = CustomViews;
			sourceTree = "<group>";
		};
/* End PBXGroup section */

/* Begin PBXNativeTarget section */
		65953F922BA6199E00381628 /* TripOnBuddy */ = {
			isa = PBXNativeTarget;
			buildConfigurationList = 65953FA12BA619A000381628 /* Build configuration list for PBXNativeTarget "TripOnBuddy" */;
			buildPhases = (
				65953F8F2BA6199E00381628 /* Sources */,
				65953F902BA6199E00381628 /* Frameworks */,
				65953F912BA6199E00381628 /* Resources */,
			);
			buildRules = (
			);
			dependencies = (
			);
			name = TripOnBuddy;
			productName = TripOnBuddy;
			productReference = 65953F932BA6199E00381628 /* TripOnBuddy.app */;
			productType = "com.apple.product-type.application";
		};
/* End PBXNativeTarget section */

/* Begin PBXProject section */
		65953F8B2BA6199E00381628 /* Project object */ = {
			isa = PBXProject;
			attributes = {
				BuildIndependentTargetsInParallel = 1;
				LastSwiftUpdateCheck = 1530;
				LastUpgradeCheck = 1530;
				TargetAttributes = {
					65953F922BA6199E00381628 = {
						CreatedOnToolsVersion = 15.3;
					};
				};
			};
			buildConfigurationList = 65953F8E2BA6199E00381628 /* Build configuration list for PBXProject "TripOnBuddy" */;
			compatibilityVersion = "Xcode 14.0";
			developmentRegion = en;
			hasScannedForEncodings = 0;
			knownRegions = (
				en,
				Base,
			);
			mainGroup = 65953F8A2BA6199E00381628;
			productRefGroup = 65953F942BA6199E00381628 /* Products */;
			projectDirPath = "";
			projectRoot = "";
			targets = (
				65953F922BA6199E00381628 /* TripOnBuddy */,
			);
		};
/* End PBXProject section */

/* Begin PBXResourcesBuildPhase section */
		65953F912BA6199E00381628 /* Resources */ = {
			isa = PBXResourcesBuildPhase;
			buildActionMask = 2147483647;
			files = (
				65953F9E2BA619A000381628 /* Preview Assets.xcassets in Resources */,
				65953F9B2BA619A000381628 /* Assets.xcassets in Resources */,
			);
			runOnlyForDeploymentPostprocessing = 0;
		};
/* End PBXResourcesBuildPhase section */

/* Begin PBXSourcesBuildPhase section */
		65953F8F2BA6199E00381628 /* Sources */ = {
			isa = PBXSourcesBuildPhase;
			buildActionMask = 2147483647;
			files = (
				65953F992BA6199E00381628 /* RootView.swift in Sources */,
				65585F5C2BBAADA3006EAE60 /* TripsTabBarView.swift in Sources */,
				65FC27CE2BA7700F00BD123F /* ProfileView.swift in Sources */,
				656B97982BA623A300A1F34C /* MySpaceView.swift in Sources */,
				656A8E682BB0A8BD00985076 /* CustomStoryView.swift in Sources */,
				656A8E662BB09E5C00985076 /* StoryView.swift in Sources */,
				65FC27C22BA76AC800BD123F /* TabBarView.swift in Sources */,
				65FC27CC2BA7700200BD123F /* TripsView.swift in Sources */,
				656B97942BA6238C00A1F34C /* SignUpView.swift in Sources */,
				65FC27C82BA76FEA00BD123F /* ExploreView.swift in Sources */,
				65B85BF62BA6467D00DC6BA2 /* InputOtpView.swift in Sources */,
				65953F972BA6199E00381628 /* TripOnBuddyApp.swift in Sources */,
				65585F612BBAB26A006EAE60 /* CompletedTripsView.swift in Sources */,
				65B85BF42BA6464500DC6BA2 /* OTPScreenView.swift in Sources */,
				656A8E642BB09D2500985076 /* DataServices.swift in Sources */,
				656A8E6C2BB0ACF800985076 /* ForYouView.swift in Sources */,
				65585F632BBAB274006EAE60 /* UpcomingTripsView.swift in Sources */,
				65B2EC422BB93C4F00B775CC /* CustomTripCardView.swift in Sources */,
				65B85BF22BA6420F00DC6BA2 /* CustomTextFieldView.swift in Sources */,
				656A8E612BB09D0B00985076 /* StoriesTabModel.swift in Sources */,
				65585F672BBAB565006EAE60 /* TripsDetails.swift in Sources */,
				65275C632BA7791A00EBCE34 /* MyProfileDetails.swift in Sources */,
				65FC27CA2BA76FF500BD123F /* PostView.swift in Sources */,
				65585F5E2BBAAEBA006EAE60 /* TripsTabBarButton.swift in Sources */,
				656A8E6A2BB0AC1B00985076 /* ForYouViewModel.swift in Sources */,
			);
			runOnlyForDeploymentPostprocessing = 0;
		};
/* End PBXSourcesBuildPhase section */

/* Begin XCBuildConfiguration section */
		65953F9F2BA619A000381628 /* Debug */ = {
			isa = XCBuildConfiguration;
			buildSettings = {
				ALWAYS_SEARCH_USER_PATHS = NO;
				ASSETCATALOG_COMPILER_GENERATE_SWIFT_ASSET_SYMBOL_EXTENSIONS = YES;
				CLANG_ANALYZER_NONNULL = YES;
				CLANG_ANALYZER_NUMBER_OBJECT_CONVERSION = YES_AGGRESSIVE;
				CLANG_CXX_LANGUAGE_STANDARD = "gnu++20";
				CLANG_ENABLE_MODULES = YES;
				CLANG_ENABLE_OBJC_ARC = YES;
				CLANG_ENABLE_OBJC_WEAK = YES;
				CLANG_WARN_BLOCK_CAPTURE_AUTORELEASING = YES;
				CLANG_WARN_BOOL_CONVERSION = YES;
				CLANG_WARN_COMMA = YES;
				CLANG_WARN_CONSTANT_CONVERSION = YES;
				CLANG_WARN_DEPRECATED_OBJC_IMPLEMENTATIONS = YES;
				CLANG_WARN_DIRECT_OBJC_ISA_USAGE = YES_ERROR;
				CLANG_WARN_DOCUMENTATION_COMMENTS = YES;
				CLANG_WARN_EMPTY_BODY = YES;
				CLANG_WARN_ENUM_CONVERSION = YES;
				CLANG_WARN_INFINITE_RECURSION = YES;
				CLANG_WARN_INT_CONVERSION = YES;
				CLANG_WARN_NON_LITERAL_NULL_CONVERSION = YES;
				CLANG_WARN_OBJC_IMPLICIT_RETAIN_SELF = YES;
				CLANG_WARN_OBJC_LITERAL_CONVERSION = YES;
				CLANG_WARN_OBJC_ROOT_CLASS = YES_ERROR;
				CLANG_WARN_QUOTED_INCLUDE_IN_FRAMEWORK_HEADER = YES;
				CLANG_WARN_RANGE_LOOP_ANALYSIS = YES;
				CLANG_WARN_STRICT_PROTOTYPES = YES;
				CLANG_WARN_SUSPICIOUS_MOVE = YES;
				CLANG_WARN_UNGUARDED_AVAILABILITY = YES_AGGRESSIVE;
				CLANG_WARN_UNREACHABLE_CODE = YES;
				CLANG_WARN__DUPLICATE_METHOD_MATCH = YES;
				COPY_PHASE_STRIP = NO;
				DEBUG_INFORMATION_FORMAT = dwarf;
				ENABLE_STRICT_OBJC_MSGSEND = YES;
				ENABLE_TESTABILITY = YES;
				ENABLE_USER_SCRIPT_SANDBOXING = YES;
				GCC_C_LANGUAGE_STANDARD = gnu17;
				GCC_DYNAMIC_NO_PIC = NO;
				GCC_NO_COMMON_BLOCKS = YES;
				GCC_OPTIMIZATION_LEVEL = 0;
				GCC_PREPROCESSOR_DEFINITIONS = (
					"DEBUG=1",
					"$(inherited)",
				);
				GCC_WARN_64_TO_32_BIT_CONVERSION = YES;
				GCC_WARN_ABOUT_RETURN_TYPE = YES_ERROR;
				GCC_WARN_UNDECLARED_SELECTOR = YES;
				GCC_WARN_UNINITIALIZED_AUTOS = YES_AGGRESSIVE;
				GCC_WARN_UNUSED_FUNCTION = YES;
				GCC_WARN_UNUSED_VARIABLE = YES;
				IPHONEOS_DEPLOYMENT_TARGET = 17.4;
				LOCALIZATION_PREFERS_STRING_CATALOGS = YES;
				MTL_ENABLE_DEBUG_INFO = INCLUDE_SOURCE;
				MTL_FAST_MATH = YES;
				ONLY_ACTIVE_ARCH = YES;
				SDKROOT = iphoneos;
				SWIFT_ACTIVE_COMPILATION_CONDITIONS = "DEBUG $(inherited)";
				SWIFT_OPTIMIZATION_LEVEL = "-Onone";
			};
			name = Debug;
		};
		65953FA02BA619A000381628 /* Release */ = {
			isa = XCBuildConfiguration;
			buildSettings = {
				ALWAYS_SEARCH_USER_PATHS = NO;
				ASSETCATALOG_COMPILER_GENERATE_SWIFT_ASSET_SYMBOL_EXTENSIONS = YES;
				CLANG_ANALYZER_NONNULL = YES;
				CLANG_ANALYZER_NUMBER_OBJECT_CONVERSION = YES_AGGRESSIVE;
				CLANG_CXX_LANGUAGE_STANDARD = "gnu++20";
				CLANG_ENABLE_MODULES = YES;
				CLANG_ENABLE_OBJC_ARC = YES;
				CLANG_ENABLE_OBJC_WEAK = YES;
				CLANG_WARN_BLOCK_CAPTURE_AUTORELEASING = YES;
				CLANG_WARN_BOOL_CONVERSION = YES;
				CLANG_WARN_COMMA = YES;
				CLANG_WARN_CONSTANT_CONVERSION = YES;
				CLANG_WARN_DEPRECATED_OBJC_IMPLEMENTATIONS = YES;
				CLANG_WARN_DIRECT_OBJC_ISA_USAGE = YES_ERROR;
				CLANG_WARN_DOCUMENTATION_COMMENTS = YES;
				CLANG_WARN_EMPTY_BODY = YES;
				CLANG_WARN_ENUM_CONVERSION = YES;
				CLANG_WARN_INFINITE_RECURSION = YES;
				CLANG_WARN_INT_CONVERSION = YES;
				CLANG_WARN_NON_LITERAL_NULL_CONVERSION = YES;
				CLANG_WARN_OBJC_IMPLICIT_RETAIN_SELF = YES;
				CLANG_WARN_OBJC_LITERAL_CONVERSION = YES;
				CLANG_WARN_OBJC_ROOT_CLASS = YES_ERROR;
				CLANG_WARN_QUOTED_INCLUDE_IN_FRAMEWORK_HEADER = YES;
				CLANG_WARN_RANGE_LOOP_ANALYSIS = YES;
				CLANG_WARN_STRICT_PROTOTYPES = YES;
				CLANG_WARN_SUSPICIOUS_MOVE = YES;
				CLANG_WARN_UNGUARDED_AVAILABILITY = YES_AGGRESSIVE;
				CLANG_WARN_UNREACHABLE_CODE = YES;
				CLANG_WARN__DUPLICATE_METHOD_MATCH = YES;
				COPY_PHASE_STRIP = NO;
				DEBUG_INFORMATION_FORMAT = "dwarf-with-dsym";
				ENABLE_NS_ASSERTIONS = NO;
				ENABLE_STRICT_OBJC_MSGSEND = YES;
				ENABLE_USER_SCRIPT_SANDBOXING = YES;
				GCC_C_LANGUAGE_STANDARD = gnu17;
				GCC_NO_COMMON_BLOCKS = YES;
				GCC_WARN_64_TO_32_BIT_CONVERSION = YES;
				GCC_WARN_ABOUT_RETURN_TYPE = YES_ERROR;
				GCC_WARN_UNDECLARED_SELECTOR = YES;
				GCC_WARN_UNINITIALIZED_AUTOS = YES_AGGRESSIVE;
				GCC_WARN_UNUSED_FUNCTION = YES;
				GCC_WARN_UNUSED_VARIABLE = YES;
				IPHONEOS_DEPLOYMENT_TARGET = 17.4;
				LOCALIZATION_PREFERS_STRING_CATALOGS = YES;
				MTL_ENABLE_DEBUG_INFO = NO;
				MTL_FAST_MATH = YES;
				SDKROOT = iphoneos;
				SWIFT_COMPILATION_MODE = wholemodule;
				VALIDATE_PRODUCT = YES;
			};
			name = Release;
		};
		65953FA22BA619A000381628 /* Debug */ = {
			isa = XCBuildConfiguration;
			buildSettings = {
				ASSETCATALOG_COMPILER_APPICON_NAME = AppIcon;
				ASSETCATALOG_COMPILER_GLOBAL_ACCENT_COLOR_NAME = AccentColor;
				CODE_SIGN_STYLE = Automatic;
				CURRENT_PROJECT_VERSION = 1;
				DEVELOPMENT_ASSET_PATHS = "\"TripOnBuddy/Preview Content\"";
				DEVELOPMENT_TEAM = 7QC2TV4KX7;
				ENABLE_PREVIEWS = YES;
				GENERATE_INFOPLIST_FILE = YES;
				INFOPLIST_FILE = TripOnBuddy/Info.plist;
				INFOPLIST_KEY_NSCameraUsageDescription = sadfasdasd;
				INFOPLIST_KEY_NSPhotoLibraryAddUsageDescription = asasaad;
				INFOPLIST_KEY_NSPhotoLibraryUsageDescription = "add photos";
				INFOPLIST_KEY_UIApplicationSceneManifest_Generation = YES;
				INFOPLIST_KEY_UIApplicationSupportsIndirectInputEvents = YES;
				INFOPLIST_KEY_UILaunchScreen_Generation = YES;
				INFOPLIST_KEY_UISupportedInterfaceOrientations_iPad = "UIInterfaceOrientationPortrait UIInterfaceOrientationPortraitUpsideDown UIInterfaceOrientationLandscapeLeft UIInterfaceOrientationLandscapeRight";
				INFOPLIST_KEY_UISupportedInterfaceOrientations_iPhone = "UIInterfaceOrientationPortrait UIInterfaceOrientationLandscapeLeft UIInterfaceOrientationLandscapeRight";
				IPHONEOS_DEPLOYMENT_TARGET = 17.0;
				LD_RUNPATH_SEARCH_PATHS = (
					"$(inherited)",
					"@executable_path/Frameworks",
				);
				MARKETING_VERSION = 1.0;
				PRODUCT_BUNDLE_IDENTIFIER = TOB.TripOnBuddy;
				PRODUCT_NAME = "$(TARGET_NAME)";
				SWIFT_EMIT_LOC_STRINGS = YES;
				SWIFT_VERSION = 5.0;
				TARGETED_DEVICE_FAMILY = "1,2";
			};
			name = Debug;
		};
		65953FA32BA619A000381628 /* Release */ = {
			isa = XCBuildConfiguration;
			buildSettings = {
				ASSETCATALOG_COMPILER_APPICON_NAME = AppIcon;
				ASSETCATALOG_COMPILER_GLOBAL_ACCENT_COLOR_NAME = AccentColor;
				CODE_SIGN_STYLE = Automatic;
				CURRENT_PROJECT_VERSION = 1;
				DEVELOPMENT_ASSET_PATHS = "\"TripOnBuddy/Preview Content\"";
				DEVELOPMENT_TEAM = 7QC2TV4KX7;
				ENABLE_PREVIEWS = YES;
				GENERATE_INFOPLIST_FILE = YES;
				INFOPLIST_FILE = TripOnBuddy/Info.plist;
				INFOPLIST_KEY_NSCameraUsageDescription = sadfasdasd;
				INFOPLIST_KEY_NSPhotoLibraryAddUsageDescription = asasaad;
				INFOPLIST_KEY_NSPhotoLibraryUsageDescription = "add photos";
				INFOPLIST_KEY_UIApplicationSceneManifest_Generation = YES;
				INFOPLIST_KEY_UIApplicationSupportsIndirectInputEvents = YES;
				INFOPLIST_KEY_UILaunchScreen_Generation = YES;
				INFOPLIST_KEY_UISupportedInterfaceOrientations_iPad = "UIInterfaceOrientationPortrait UIInterfaceOrientationPortraitUpsideDown UIInterfaceOrientationLandscapeLeft UIInterfaceOrientationLandscapeRight";
				INFOPLIST_KEY_UISupportedInterfaceOrientations_iPhone = "UIInterfaceOrientationPortrait UIInterfaceOrientationLandscapeLeft UIInterfaceOrientationLandscapeRight";
				IPHONEOS_DEPLOYMENT_TARGET = 17.0;
				LD_RUNPATH_SEARCH_PATHS = (
					"$(inherited)",
					"@executable_path/Frameworks",
				);
				MARKETING_VERSION = 1.0;
				PRODUCT_BUNDLE_IDENTIFIER = TOB.TripOnBuddy;
				PRODUCT_NAME = "$(TARGET_NAME)";
				SWIFT_EMIT_LOC_STRINGS = YES;
				SWIFT_VERSION = 5.0;
				TARGETED_DEVICE_FAMILY = "1,2";
			};
			name = Release;
		};
/* End XCBuildConfiguration section */

/* Begin XCConfigurationList section */
		65953F8E2BA6199E00381628 /* Build configuration list for PBXProject "TripOnBuddy" */ = {
			isa = XCConfigurationList;
			buildConfigurations = (
				65953F9F2BA619A000381628 /* Debug */,
				65953FA02BA619A000381628 /* Release */,
			);
			defaultConfigurationIsVisible = 0;
			defaultConfigurationName = Release;
		};
		65953FA12BA619A000381628 /* Build configuration list for PBXNativeTarget "TripOnBuddy" */ = {
			isa = XCConfigurationList;
			buildConfigurations = (
				65953FA22BA619A000381628 /* Debug */,
				65953FA32BA619A000381628 /* Release */,
			);
			defaultConfigurationIsVisible = 0;
			defaultConfigurationName = Release;
		};
/* End XCConfigurationList section */
	};
	rootObject = 65953F8B2BA6199E00381628 /* Project object */;
}
