// !$*UTF8*$!
{
	archiveVersion = 1;
	classes = {
	};
	objectVersion = 56;
	objects = {

/* Begin PBXBuildFile section */
		650241AE2CA61AB000BC94E6 /* CommentSectionView.swift in Sources */ = {isa = PBXBuildFile; fileRef = 650241AD2CA61AB000BC94E6 /* CommentSectionView.swift */; };
		6505DA882C57E8A700BB1814 /* FirebaseAnalytics in Frameworks */ = {isa = PBXBuildFile; productRef = 6505DA872C57E8A700BB1814 /* FirebaseAnalytics */; };
		6505DA8A2C57E8A700BB1814 /* FirebaseAnalyticsOnDeviceConversion in Frameworks */ = {isa = PBXBuildFile; productRef = 6505DA892C57E8A700BB1814 /* FirebaseAnalyticsOnDeviceConversion */; };
		6505DA8C2C57E8A700BB1814 /* FirebaseAnalyticsSwift in Frameworks */ = {isa = PBXBuildFile; productRef = 6505DA8B2C57E8A700BB1814 /* FirebaseAnalyticsSwift */; };
		6505DA8E2C57E8A700BB1814 /* FirebaseAnalyticsWithoutAdIdSupport in Frameworks */ = {isa = PBXBuildFile; productRef = 6505DA8D2C57E8A700BB1814 /* FirebaseAnalyticsWithoutAdIdSupport */; };
		6505DA902C57E8A700BB1814 /* FirebaseAppCheck in Frameworks */ = {isa = PBXBuildFile; productRef = 6505DA8F2C57E8A700BB1814 /* FirebaseAppCheck */; };
		6505DA922C57E8A700BB1814 /* FirebaseAppDistribution-Beta in Frameworks */ = {isa = PBXBuildFile; productRef = 6505DA912C57E8A700BB1814 /* FirebaseAppDistribution-Beta */; };
		6505DA942C57E8A700BB1814 /* FirebaseAuth in Frameworks */ = {isa = PBXBuildFile; productRef = 6505DA932C57E8A700BB1814 /* FirebaseAuth */; };
		6505DA962C57E8A700BB1814 /* FirebaseAuthCombine-Community in Frameworks */ = {isa = PBXBuildFile; productRef = 6505DA952C57E8A700BB1814 /* FirebaseAuthCombine-Community */; };
		6505DA982C57E8A700BB1814 /* FirebaseCrashlytics in Frameworks */ = {isa = PBXBuildFile; productRef = 6505DA972C57E8A700BB1814 /* FirebaseCrashlytics */; };
		6505DA9A2C57E8A700BB1814 /* FirebaseDatabase in Frameworks */ = {isa = PBXBuildFile; productRef = 6505DA992C57E8A700BB1814 /* FirebaseDatabase */; };
		6505DA9C2C57E8A700BB1814 /* FirebaseDatabaseSwift in Frameworks */ = {isa = PBXBuildFile; productRef = 6505DA9B2C57E8A700BB1814 /* FirebaseDatabaseSwift */; };
		6505DA9E2C57E8A700BB1814 /* FirebaseDynamicLinks in Frameworks */ = {isa = PBXBuildFile; productRef = 6505DA9D2C57E8A700BB1814 /* FirebaseDynamicLinks */; };
		6505DAA02C57E8A700BB1814 /* FirebaseFirestore in Frameworks */ = {isa = PBXBuildFile; productRef = 6505DA9F2C57E8A700BB1814 /* FirebaseFirestore */; };
		6505DAA22C57E8A700BB1814 /* FirebaseFirestoreCombine-Community in Frameworks */ = {isa = PBXBuildFile; productRef = 6505DAA12C57E8A700BB1814 /* FirebaseFirestoreCombine-Community */; };
		6505DAA42C57E8A700BB1814 /* FirebaseFirestoreSwift in Frameworks */ = {isa = PBXBuildFile; productRef = 6505DAA32C57E8A700BB1814 /* FirebaseFirestoreSwift */; };
		6505DAA62C57E8A700BB1814 /* FirebaseFunctions in Frameworks */ = {isa = PBXBuildFile; productRef = 6505DAA52C57E8A700BB1814 /* FirebaseFunctions */; };
		6505DAA82C57E8A700BB1814 /* FirebaseFunctionsCombine-Community in Frameworks */ = {isa = PBXBuildFile; productRef = 6505DAA72C57E8A700BB1814 /* FirebaseFunctionsCombine-Community */; };
		6505DAAA2C57E8A700BB1814 /* FirebaseInAppMessaging-Beta in Frameworks */ = {isa = PBXBuildFile; productRef = 6505DAA92C57E8A700BB1814 /* FirebaseInAppMessaging-Beta */; };
		6505DAAC2C57E8A700BB1814 /* FirebaseInAppMessagingSwift-Beta in Frameworks */ = {isa = PBXBuildFile; productRef = 6505DAAB2C57E8A700BB1814 /* FirebaseInAppMessagingSwift-Beta */; };
		6505DAAE2C57E8A700BB1814 /* FirebaseInstallations in Frameworks */ = {isa = PBXBuildFile; productRef = 6505DAAD2C57E8A700BB1814 /* FirebaseInstallations */; };
		6505DAB02C57E8A700BB1814 /* FirebaseMLModelDownloader in Frameworks */ = {isa = PBXBuildFile; productRef = 6505DAAF2C57E8A700BB1814 /* FirebaseMLModelDownloader */; };
		6505DAB22C57E8A700BB1814 /* FirebaseMessaging in Frameworks */ = {isa = PBXBuildFile; productRef = 6505DAB12C57E8A700BB1814 /* FirebaseMessaging */; };
		6505DAB42C57E8A700BB1814 /* FirebasePerformance in Frameworks */ = {isa = PBXBuildFile; productRef = 6505DAB32C57E8A700BB1814 /* FirebasePerformance */; };
		6505DAB62C57E8A700BB1814 /* FirebaseRemoteConfig in Frameworks */ = {isa = PBXBuildFile; productRef = 6505DAB52C57E8A700BB1814 /* FirebaseRemoteConfig */; };
		6505DAB82C57E8A700BB1814 /* FirebaseRemoteConfigSwift in Frameworks */ = {isa = PBXBuildFile; productRef = 6505DAB72C57E8A700BB1814 /* FirebaseRemoteConfigSwift */; };
		6505DABA2C57E8A700BB1814 /* FirebaseStorage in Frameworks */ = {isa = PBXBuildFile; productRef = 6505DAB92C57E8A700BB1814 /* FirebaseStorage */; };
		6505DABC2C57E8A700BB1814 /* FirebaseStorageCombine-Community in Frameworks */ = {isa = PBXBuildFile; productRef = 6505DABB2C57E8A700BB1814 /* FirebaseStorageCombine-Community */; };
		6505DABE2C57E8A700BB1814 /* FirebaseVertexAI-Preview in Frameworks */ = {isa = PBXBuildFile; productRef = 6505DABD2C57E8A700BB1814 /* FirebaseVertexAI-Preview */; };
		65080E202C99E3D100057CD3 /* AuthViewModel.swift in Sources */ = {isa = PBXBuildFile; fileRef = 65080E1F2C99E3D100057CD3 /* AuthViewModel.swift */; };
		651E06232BD6EA52008917C6 /* HotSpotsModel.swift in Sources */ = {isa = PBXBuildFile; fileRef = 651E06222BD6EA52008917C6 /* HotSpotsModel.swift */; };
		651E0DE62D1FDB8C00AB6867 /* GoogleService-Info.plist in Resources */ = {isa = PBXBuildFile; fileRef = 651E0DE52D1FDB8C00AB6867 /* GoogleService-Info.plist */; };
		65275C632BA7791A00EBCE34 /* User.swift in Sources */ = {isa = PBXBuildFile; fileRef = 65275C622BA7791A00EBCE34 /* User.swift */; };
		65585F5C2BBAADA3006EAE60 /* TripsTabBarView.swift in Sources */ = {isa = PBXBuildFile; fileRef = 65585F5B2BBAADA3006EAE60 /* TripsTabBarView.swift */; };
		65585F5E2BBAAEBA006EAE60 /* TripsTabBarButton.swift in Sources */ = {isa = PBXBuildFile; fileRef = 65585F5D2BBAAEBA006EAE60 /* TripsTabBarButton.swift */; };
		65585F612BBAB26A006EAE60 /* CompletedTripsView.swift in Sources */ = {isa = PBXBuildFile; fileRef = 65585F602BBAB26A006EAE60 /* CompletedTripsView.swift */; };
		65585F632BBAB274006EAE60 /* UpcomingTripsView.swift in Sources */ = {isa = PBXBuildFile; fileRef = 65585F622BBAB274006EAE60 /* UpcomingTripsView.swift */; };
		65585F672BBAB565006EAE60 /* TripsDetails.swift in Sources */ = {isa = PBXBuildFile; fileRef = 65585F662BBAB565006EAE60 /* TripsDetails.swift */; };
		6559BAAE2BF28F2C007BA81B /* AddNewTripView.swift in Sources */ = {isa = PBXBuildFile; fileRef = 6559BAAD2BF28F2C007BA81B /* AddNewTripView.swift */; };
		656A8E612BB09D0B00985076 /* StoriesTabModel.swift in Sources */ = {isa = PBXBuildFile; fileRef = 656A8E602BB09D0B00985076 /* StoriesTabModel.swift */; };
		656A8E642BB09D2500985076 /* DataServices.swift in Sources */ = {isa = PBXBuildFile; fileRef = 656A8E632BB09D2500985076 /* DataServices.swift */; };
		656A8E662BB09E5C00985076 /* StoryView.swift in Sources */ = {isa = PBXBuildFile; fileRef = 656A8E652BB09E5C00985076 /* StoryView.swift */; };
		656A8E682BB0A8BD00985076 /* CustomStoryView.swift in Sources */ = {isa = PBXBuildFile; fileRef = 656A8E672BB0A8BD00985076 /* CustomStoryView.swift */; };
		656A8E6C2BB0ACF800985076 /* SinglePostView.swift in Sources */ = {isa = PBXBuildFile; fileRef = 656A8E6B2BB0ACF800985076 /* SinglePostView.swift */; };
		656B97942BA6238C00A1F34C /* SignUpView.swift in Sources */ = {isa = PBXBuildFile; fileRef = 656B97932BA6238C00A1F34C /* SignUpView.swift */; };
		656B97982BA623A300A1F34C /* MySpaceView.swift in Sources */ = {isa = PBXBuildFile; fileRef = 656B97972BA623A300A1F34C /* MySpaceView.swift */; };
		657284562BC8657200DAF637 /* AllChatsView.swift in Sources */ = {isa = PBXBuildFile; fileRef = 657284552BC8657200DAF637 /* AllChatsView.swift */; };
		657284582BC8661600DAF637 /* NotificationsView.swift in Sources */ = {isa = PBXBuildFile; fileRef = 657284572BC8661500DAF637 /* NotificationsView.swift */; };
		658DD7CD2BD6307800F10E3A /* UserProfilePageView.swift in Sources */ = {isa = PBXBuildFile; fileRef = 658DD7CC2BD6307800F10E3A /* UserProfilePageView.swift */; };
		658DD7D02BD6352D00F10E3A /* CustomButton.swift in Sources */ = {isa = PBXBuildFile; fileRef = 658DD7CF2BD6352D00F10E3A /* CustomButton.swift */; };
		658DD7D22BD63FF300F10E3A /* ExploreTripCardView.swift in Sources */ = {isa = PBXBuildFile; fileRef = 658DD7D12BD63FF300F10E3A /* ExploreTripCardView.swift */; };
		65953F972BA6199E00381628 /* TripOnBuddyApp.swift in Sources */ = {isa = PBXBuildFile; fileRef = 65953F962BA6199E00381628 /* TripOnBuddyApp.swift */; };
		65953F992BA6199E00381628 /* RootView.swift in Sources */ = {isa = PBXBuildFile; fileRef = 65953F982BA6199E00381628 /* RootView.swift */; };
		65953F9B2BA619A000381628 /* Assets.xcassets in Resources */ = {isa = PBXBuildFile; fileRef = 65953F9A2BA619A000381628 /* Assets.xcassets */; };
		65953F9E2BA619A000381628 /* Preview Assets.xcassets in Resources */ = {isa = PBXBuildFile; fileRef = 65953F9D2BA619A000381628 /* Preview Assets.xcassets */; };
		659ED7B92C9BAF2C0028D783 /* ContentView.swift in Sources */ = {isa = PBXBuildFile; fileRef = 659ED7B82C9BAF2C0028D783 /* ContentView.swift */; };
		65B2EC422BB93C4F00B775CC /* CustomTripCardView.swift in Sources */ = {isa = PBXBuildFile; fileRef = 65B2EC412BB93C4F00B775CC /* CustomTripCardView.swift */; };
		65B85BF22BA6420F00DC6BA2 /* CustomTextFieldView.swift in Sources */ = {isa = PBXBuildFile; fileRef = 65B85BF12BA6420F00DC6BA2 /* CustomTextFieldView.swift */; };
		65B85BF62BA6467D00DC6BA2 /* InputOtpView.swift in Sources */ = {isa = PBXBuildFile; fileRef = 65B85BF52BA6467D00DC6BA2 /* InputOtpView.swift */; };
		65C04D612D1FD4D900007235 /* MapsViewOfTrip.swift in Sources */ = {isa = PBXBuildFile; fileRef = 65C04D602D1FD4D900007235 /* MapsViewOfTrip.swift */; };
		65C689392C9B81BB00F7A90D /* SignInView.swift in Sources */ = {isa = PBXBuildFile; fileRef = 65C689382C9B81BB00F7A90D /* SignInView.swift */; };
		65D24C462BDC729C007578A2 /* CustomButtonTemplate.swift in Sources */ = {isa = PBXBuildFile; fileRef = 65D24C452BDC729C007578A2 /* CustomButtonTemplate.swift */; };
		65FC27C22BA76AC800BD123F /* TabBarView.swift in Sources */ = {isa = PBXBuildFile; fileRef = 65FC27C12BA76AC800BD123F /* TabBarView.swift */; };
		65FC27C82BA76FEA00BD123F /* ExploreView.swift in Sources */ = {isa = PBXBuildFile; fileRef = 65FC27C72BA76FEA00BD123F /* ExploreView.swift */; };
		65FC27CA2BA76FF500BD123F /* PostView.swift in Sources */ = {isa = PBXBuildFile; fileRef = 65FC27C92BA76FF500BD123F /* PostView.swift */; };
		65FC27CC2BA7700200BD123F /* TripsView.swift in Sources */ = {isa = PBXBuildFile; fileRef = 65FC27CB2BA7700200BD123F /* TripsView.swift */; };
		65FC27CE2BA7700F00BD123F /* ProfileView.swift in Sources */ = {isa = PBXBuildFile; fileRef = 65FC27CD2BA7700F00BD123F /* ProfileView.swift */; };
		65FD1D322D20A58F005B5E7D /* PhotoPickerViewModel.swift in Sources */ = {isa = PBXBuildFile; fileRef = 65FD1D312D20A58F005B5E7D /* PhotoPickerViewModel.swift */; };
		65FD1D342D20A894005B5E7D /* Post.swift in Sources */ = {isa = PBXBuildFile; fileRef = 65FD1D332D20A894005B5E7D /* Post.swift */; };
		65FD1D362D20E5D5005B5E7D /* AddCaptionViewToPost.swift in Sources */ = {isa = PBXBuildFile; fileRef = 65FD1D352D20E5D5005B5E7D /* AddCaptionViewToPost.swift */; };
		65FD1D382D20FEE4005B5E7D /* RootViewModel.swift in Sources */ = {isa = PBXBuildFile; fileRef = 65FD1D372D20FEE4005B5E7D /* RootViewModel.swift */; };
		65FD1D3A2D210A02005B5E7D /* PostViewModel.swift in Sources */ = {isa = PBXBuildFile; fileRef = 65FD1D392D210A02005B5E7D /* PostViewModel.swift */; };
		65FD1D3E2D211A60005B5E7D /* ProfileViewModel.swift in Sources */ = {isa = PBXBuildFile; fileRef = 65FD1D3D2D211A60005B5E7D /* ProfileViewModel.swift */; };
		65FEAAEA2C0E392A005DC2CA /* SingleChatView.swift in Sources */ = {isa = PBXBuildFile; fileRef = 65FEAAE92C0E392A005DC2CA /* SingleChatView.swift */; };
		65FEAAEC2C0E3AAB005DC2CA /* CustomChatBubbleView.swift in Sources */ = {isa = PBXBuildFile; fileRef = 65FEAAEB2C0E3AAB005DC2CA /* CustomChatBubbleView.swift */; };
/* End PBXBuildFile section */

/* Begin PBXFileReference section */
		650241AD2CA61AB000BC94E6 /* CommentSectionView.swift */ = {isa = PBXFileReference; lastKnownFileType = sourcecode.swift; path = CommentSectionView.swift; sourceTree = "<group>"; };
		65080E1F2C99E3D100057CD3 /* AuthViewModel.swift */ = {isa = PBXFileReference; lastKnownFileType = sourcecode.swift; path = AuthViewModel.swift; sourceTree = "<group>"; };
		651E06222BD6EA52008917C6 /* HotSpotsModel.swift */ = {isa = PBXFileReference; lastKnownFileType = sourcecode.swift; path = HotSpotsModel.swift; sourceTree = "<group>"; };
		651E0DE52D1FDB8C00AB6867 /* GoogleService-Info.plist */ = {isa = PBXFileReference; lastKnownFileType = text.plist.xml; path = "GoogleService-Info.plist"; sourceTree = "<group>"; };
		65275C622BA7791A00EBCE34 /* User.swift */ = {isa = PBXFileReference; lastKnownFileType = sourcecode.swift; path = User.swift; sourceTree = "<group>"; };
		65585F5B2BBAADA3006EAE60 /* TripsTabBarView.swift */ = {isa = PBXFileReference; lastKnownFileType = sourcecode.swift; path = TripsTabBarView.swift; sourceTree = "<group>"; };
		65585F5D2BBAAEBA006EAE60 /* TripsTabBarButton.swift */ = {isa = PBXFileReference; lastKnownFileType = sourcecode.swift; path = TripsTabBarButton.swift; sourceTree = "<group>"; };
		65585F602BBAB26A006EAE60 /* CompletedTripsView.swift */ = {isa = PBXFileReference; lastKnownFileType = sourcecode.swift; path = CompletedTripsView.swift; sourceTree = "<group>"; };
		65585F622BBAB274006EAE60 /* UpcomingTripsView.swift */ = {isa = PBXFileReference; lastKnownFileType = sourcecode.swift; path = UpcomingTripsView.swift; sourceTree = "<group>"; };
		65585F662BBAB565006EAE60 /* TripsDetails.swift */ = {isa = PBXFileReference; lastKnownFileType = sourcecode.swift; path = TripsDetails.swift; sourceTree = "<group>"; };
		6559BAAD2BF28F2C007BA81B /* AddNewTripView.swift */ = {isa = PBXFileReference; lastKnownFileType = sourcecode.swift; path = AddNewTripView.swift; sourceTree = "<group>"; };
		656A8E602BB09D0B00985076 /* StoriesTabModel.swift */ = {isa = PBXFileReference; lastKnownFileType = sourcecode.swift; path = StoriesTabModel.swift; sourceTree = "<group>"; };
		656A8E632BB09D2500985076 /* DataServices.swift */ = {isa = PBXFileReference; lastKnownFileType = sourcecode.swift; path = DataServices.swift; sourceTree = "<group>"; };
		656A8E652BB09E5C00985076 /* StoryView.swift */ = {isa = PBXFileReference; lastKnownFileType = sourcecode.swift; path = StoryView.swift; sourceTree = "<group>"; };
		656A8E672BB0A8BD00985076 /* CustomStoryView.swift */ = {isa = PBXFileReference; lastKnownFileType = sourcecode.swift; path = CustomStoryView.swift; sourceTree = "<group>"; };
		656A8E6B2BB0ACF800985076 /* SinglePostView.swift */ = {isa = PBXFileReference; lastKnownFileType = sourcecode.swift; path = SinglePostView.swift; sourceTree = "<group>"; };
		656B97932BA6238C00A1F34C /* SignUpView.swift */ = {isa = PBXFileReference; lastKnownFileType = sourcecode.swift; path = SignUpView.swift; sourceTree = "<group>"; };
		656B97972BA623A300A1F34C /* MySpaceView.swift */ = {isa = PBXFileReference; lastKnownFileType = sourcecode.swift; path = MySpaceView.swift; sourceTree = "<group>"; };
		657284552BC8657200DAF637 /* AllChatsView.swift */ = {isa = PBXFileReference; lastKnownFileType = sourcecode.swift; path = AllChatsView.swift; sourceTree = "<group>"; };
		657284572BC8661500DAF637 /* NotificationsView.swift */ = {isa = PBXFileReference; lastKnownFileType = sourcecode.swift; path = NotificationsView.swift; sourceTree = "<group>"; };
		658DD7CC2BD6307800F10E3A /* UserProfilePageView.swift */ = {isa = PBXFileReference; lastKnownFileType = sourcecode.swift; path = UserProfilePageView.swift; sourceTree = "<group>"; };
		658DD7CF2BD6352D00F10E3A /* CustomButton.swift */ = {isa = PBXFileReference; lastKnownFileType = sourcecode.swift; path = CustomButton.swift; sourceTree = "<group>"; };
		658DD7D12BD63FF300F10E3A /* ExploreTripCardView.swift */ = {isa = PBXFileReference; lastKnownFileType = sourcecode.swift; path = ExploreTripCardView.swift; sourceTree = "<group>"; };
		65953F932BA6199E00381628 /* TripOnBuddy.app */ = {isa = PBXFileReference; explicitFileType = wrapper.application; includeInIndex = 0; path = TripOnBuddy.app; sourceTree = BUILT_PRODUCTS_DIR; };
		65953F962BA6199E00381628 /* TripOnBuddyApp.swift */ = {isa = PBXFileReference; lastKnownFileType = sourcecode.swift; path = TripOnBuddyApp.swift; sourceTree = "<group>"; };
		65953F982BA6199E00381628 /* RootView.swift */ = {isa = PBXFileReference; lastKnownFileType = sourcecode.swift; path = RootView.swift; sourceTree = "<group>"; };
		65953F9A2BA619A000381628 /* Assets.xcassets */ = {isa = PBXFileReference; lastKnownFileType = folder.assetcatalog; path = Assets.xcassets; sourceTree = "<group>"; };
		65953F9D2BA619A000381628 /* Preview Assets.xcassets */ = {isa = PBXFileReference; lastKnownFileType = folder.assetcatalog; path = "Preview Assets.xcassets"; sourceTree = "<group>"; };
		659ED7B82C9BAF2C0028D783 /* ContentView.swift */ = {isa = PBXFileReference; lastKnownFileType = sourcecode.swift; path = ContentView.swift; sourceTree = "<group>"; };
		65B2EC412BB93C4F00B775CC /* CustomTripCardView.swift */ = {isa = PBXFileReference; lastKnownFileType = sourcecode.swift; path = CustomTripCardView.swift; sourceTree = "<group>"; };
		65B85BF12BA6420F00DC6BA2 /* CustomTextFieldView.swift */ = {isa = PBXFileReference; fileEncoding = 4; lastKnownFileType = sourcecode.swift; path = CustomTextFieldView.swift; sourceTree = "<group>"; };
		65B85BF52BA6467D00DC6BA2 /* InputOtpView.swift */ = {isa = PBXFileReference; fileEncoding = 4; lastKnownFileType = sourcecode.swift; path = InputOtpView.swift; sourceTree = "<group>"; };
		65C04D602D1FD4D900007235 /* MapsViewOfTrip.swift */ = {isa = PBXFileReference; lastKnownFileType = sourcecode.swift; path = MapsViewOfTrip.swift; sourceTree = "<group>"; };
		65C689382C9B81BB00F7A90D /* SignInView.swift */ = {isa = PBXFileReference; lastKnownFileType = sourcecode.swift; path = SignInView.swift; sourceTree = "<group>"; };
		65D24C452BDC729C007578A2 /* CustomButtonTemplate.swift */ = {isa = PBXFileReference; lastKnownFileType = sourcecode.swift; path = CustomButtonTemplate.swift; sourceTree = "<group>"; };
		65FC27C12BA76AC800BD123F /* TabBarView.swift */ = {isa = PBXFileReference; lastKnownFileType = sourcecode.swift; path = TabBarView.swift; sourceTree = "<group>"; };
		65FC27C72BA76FEA00BD123F /* ExploreView.swift */ = {isa = PBXFileReference; lastKnownFileType = sourcecode.swift; path = ExploreView.swift; sourceTree = "<group>"; };
		65FC27C92BA76FF500BD123F /* PostView.swift */ = {isa = PBXFileReference; lastKnownFileType = sourcecode.swift; path = PostView.swift; sourceTree = "<group>"; };
		65FC27CB2BA7700200BD123F /* TripsView.swift */ = {isa = PBXFileReference; lastKnownFileType = sourcecode.swift; path = TripsView.swift; sourceTree = "<group>"; };
		65FC27CD2BA7700F00BD123F /* ProfileView.swift */ = {isa = PBXFileReference; lastKnownFileType = sourcecode.swift; path = ProfileView.swift; sourceTree = "<group>"; };
		65FD1D312D20A58F005B5E7D /* PhotoPickerViewModel.swift */ = {isa = PBXFileReference; lastKnownFileType = sourcecode.swift; path = PhotoPickerViewModel.swift; sourceTree = "<group>"; };
		65FD1D332D20A894005B5E7D /* Post.swift */ = {isa = PBXFileReference; lastKnownFileType = sourcecode.swift; path = Post.swift; sourceTree = "<group>"; };
		65FD1D352D20E5D5005B5E7D /* AddCaptionViewToPost.swift */ = {isa = PBXFileReference; lastKnownFileType = sourcecode.swift; path = AddCaptionViewToPost.swift; sourceTree = "<group>"; };
		65FD1D372D20FEE4005B5E7D /* RootViewModel.swift */ = {isa = PBXFileReference; lastKnownFileType = sourcecode.swift; path = RootViewModel.swift; sourceTree = "<group>"; };
		65FD1D392D210A02005B5E7D /* PostViewModel.swift */ = {isa = PBXFileReference; lastKnownFileType = sourcecode.swift; path = PostViewModel.swift; sourceTree = "<group>"; };
		65FD1D3D2D211A60005B5E7D /* ProfileViewModel.swift */ = {isa = PBXFileReference; lastKnownFileType = sourcecode.swift; path = ProfileViewModel.swift; sourceTree = "<group>"; };
		65FEAAE92C0E392A005DC2CA /* SingleChatView.swift */ = {isa = PBXFileReference; lastKnownFileType = sourcecode.swift; path = SingleChatView.swift; sourceTree = "<group>"; };
		65FEAAEB2C0E3AAB005DC2CA /* CustomChatBubbleView.swift */ = {isa = PBXFileReference; lastKnownFileType = sourcecode.swift; path = CustomChatBubbleView.swift; sourceTree = "<group>"; };
/* End PBXFileReference section */

/* Begin PBXFrameworksBuildPhase section */
		65953F902BA6199E00381628 /* Frameworks */ = {
			isa = PBXFrameworksBuildPhase;
			buildActionMask = 2147483647;
			files = (
				6505DA9A2C57E8A700BB1814 /* FirebaseDatabase in Frameworks */,
				6505DAA82C57E8A700BB1814 /* FirebaseFunctionsCombine-Community in Frameworks */,
				6505DAA02C57E8A700BB1814 /* FirebaseFirestore in Frameworks */,
				6505DA8C2C57E8A700BB1814 /* FirebaseAnalyticsSwift in Frameworks */,
				6505DA882C57E8A700BB1814 /* FirebaseAnalytics in Frameworks */,
				6505DA8A2C57E8A700BB1814 /* FirebaseAnalyticsOnDeviceConversion in Frameworks */,
				6505DAB02C57E8A700BB1814 /* FirebaseMLModelDownloader in Frameworks */,
				6505DAA42C57E8A700BB1814 /* FirebaseFirestoreSwift in Frameworks */,
				6505DA902C57E8A700BB1814 /* FirebaseAppCheck in Frameworks */,
				6505DA8E2C57E8A700BB1814 /* FirebaseAnalyticsWithoutAdIdSupport in Frameworks */,
				6505DA942C57E8A700BB1814 /* FirebaseAuth in Frameworks */,
				6505DA982C57E8A700BB1814 /* FirebaseCrashlytics in Frameworks */,
				6505DAB82C57E8A700BB1814 /* FirebaseRemoteConfigSwift in Frameworks */,
				6505DAAA2C57E8A700BB1814 /* FirebaseInAppMessaging-Beta in Frameworks */,
				6505DA9C2C57E8A700BB1814 /* FirebaseDatabaseSwift in Frameworks */,
				6505DAA62C57E8A700BB1814 /* FirebaseFunctions in Frameworks */,
				6505DABC2C57E8A700BB1814 /* FirebaseStorageCombine-Community in Frameworks */,
				6505DAB62C57E8A700BB1814 /* FirebaseRemoteConfig in Frameworks */,
				6505DA922C57E8A700BB1814 /* FirebaseAppDistribution-Beta in Frameworks */,
				6505DA962C57E8A700BB1814 /* FirebaseAuthCombine-Community in Frameworks */,
				6505DAB42C57E8A700BB1814 /* FirebasePerformance in Frameworks */,
				6505DAAC2C57E8A700BB1814 /* FirebaseInAppMessagingSwift-Beta in Frameworks */,
				6505DABA2C57E8A700BB1814 /* FirebaseStorage in Frameworks */,
				6505DA9E2C57E8A700BB1814 /* FirebaseDynamicLinks in Frameworks */,
				6505DABE2C57E8A700BB1814 /* FirebaseVertexAI-Preview in Frameworks */,
				6505DAA22C57E8A700BB1814 /* FirebaseFirestoreCombine-Community in Frameworks */,
				6505DAB22C57E8A700BB1814 /* FirebaseMessaging in Frameworks */,
				6505DAAE2C57E8A700BB1814 /* FirebaseInstallations in Frameworks */,
			);
			runOnlyForDeploymentPostprocessing = 0;
		};
/* End PBXFrameworksBuildPhase section */

/* Begin PBXGroup section */
		651E06212BD6E79F008917C6 /* LoginViews */ = {
			isa = PBXGroup;
			children = (
				65C689382C9B81BB00F7A90D /* SignInView.swift */,
				656B97932BA6238C00A1F34C /* SignUpView.swift */,
			);
			path = LoginViews;
			sourceTree = "<group>";
		};
		65275C612BA778FA00EBCE34 /* Models */ = {
			isa = PBXGroup;
			children = (
				65275C622BA7791A00EBCE34 /* User.swift */,
				65FD1D332D20A894005B5E7D /* Post.swift */,
				65585F662BBAB565006EAE60 /* TripsDetails.swift */,
				656A8E602BB09D0B00985076 /* StoriesTabModel.swift */,
				651E06222BD6EA52008917C6 /* HotSpotsModel.swift */,
				656A8E632BB09D2500985076 /* DataServices.swift */,
			);
			path = Models;
			sourceTree = "<group>";
		};
		65585F5F2BBAB246006EAE60 /* TripsTabsViews */ = {
			isa = PBXGroup;
			children = (
				65585F602BBAB26A006EAE60 /* CompletedTripsView.swift */,
				65585F622BBAB274006EAE60 /* UpcomingTripsView.swift */,
			);
			path = TripsTabsViews;
			sourceTree = "<group>";
		};
		656A8E622BB09D1300985076 /* ViewModel */ = {
			isa = PBXGroup;
			children = (
				65080E1F2C99E3D100057CD3 /* AuthViewModel.swift */,
				65FD1D312D20A58F005B5E7D /* PhotoPickerViewModel.swift */,
				65FD1D392D210A02005B5E7D /* PostViewModel.swift */,
				65FD1D372D20FEE4005B5E7D /* RootViewModel.swift */,
				65FD1D3D2D211A60005B5E7D /* ProfileViewModel.swift */,
			);
			path = ViewModel;
			sourceTree = "<group>";
		};
		656B97922BA6234A00A1F34C /* Views */ = {
			isa = PBXGroup;
			children = (
				651E06212BD6E79F008917C6 /* LoginViews */,
				65F145742C9CF1A400080999 /* Main Views */,
				657284592BC8661A00DAF637 /* Title Bar Views */,
				6559BAAD2BF28F2C007BA81B /* AddNewTripView.swift */,
				658DD7CE2BD6307D00F10E3A /* Profile Views */,
				65585F5F2BBAB246006EAE60 /* TripsTabsViews */,
			);
			path = Views;
			sourceTree = "<group>";
		};
		657284592BC8661A00DAF637 /* Title Bar Views */ = {
			isa = PBXGroup;
			children = (
				65FE67CB2C0E368200FF486B /* Chat Views */,
				657284572BC8661500DAF637 /* NotificationsView.swift */,
			);
			path = "Title Bar Views";
			sourceTree = "<group>";
		};
		658DD7CE2BD6307D00F10E3A /* Profile Views */ = {
			isa = PBXGroup;
			children = (
				658DD7CC2BD6307800F10E3A /* UserProfilePageView.swift */,
			);
			path = "Profile Views";
			sourceTree = "<group>";
		};
		65953F8A2BA6199E00381628 = {
			isa = PBXGroup;
			children = (
				65953F952BA6199E00381628 /* TripOnBuddy */,
				65953F942BA6199E00381628 /* Products */,
			);
			sourceTree = "<group>";
		};
		65953F942BA6199E00381628 /* Products */ = {
			isa = PBXGroup;
			children = (
				65953F932BA6199E00381628 /* TripOnBuddy.app */,
			);
			name = Products;
			sourceTree = "<group>";
		};
		65953F952BA6199E00381628 /* TripOnBuddy */ = {
			isa = PBXGroup;
			children = (
				65F145752C9CF1E500080999 /* Main App */,
				656B97922BA6234A00A1F34C /* Views */,
				65953F9A2BA619A000381628 /* Assets.xcassets */,
				656A8E622BB09D1300985076 /* ViewModel */,
				65275C612BA778FA00EBCE34 /* Models */,
				65FC27C02BA76A7700BD123F /* Components */,
				65953F9C2BA619A000381628 /* Preview Content */,
			);
			path = TripOnBuddy;
			sourceTree = "<group>";
		};
		65953F9C2BA619A000381628 /* Preview Content */ = {
			isa = PBXGroup;
			children = (
				65953F9D2BA619A000381628 /* Preview Assets.xcassets */,
			);
			path = "Preview Content";
			sourceTree = "<group>";
		};
		65F145742C9CF1A400080999 /* Main Views */ = {
			isa = PBXGroup;
			children = (
				656A8E652BB09E5C00985076 /* StoryView.swift */,
				65FC27CB2BA7700200BD123F /* TripsView.swift */,
				65FC27C92BA76FF500BD123F /* PostView.swift */,
				65FD1D352D20E5D5005B5E7D /* AddCaptionViewToPost.swift */,
				65FC27C72BA76FEA00BD123F /* ExploreView.swift */,
				65FC27CD2BA7700F00BD123F /* ProfileView.swift */,
				656B97972BA623A300A1F34C /* MySpaceView.swift */,
			);
			path = "Main Views";
			sourceTree = "<group>";
		};
		65F145752C9CF1E500080999 /* Main App */ = {
			isa = PBXGroup;
			children = (
				65953F962BA6199E00381628 /* TripOnBuddyApp.swift */,
				65953F982BA6199E00381628 /* RootView.swift */,
				659ED7B82C9BAF2C0028D783 /* ContentView.swift */,
				651E0DE52D1FDB8C00AB6867 /* GoogleService-Info.plist */,
			);
			path = "Main App";
			sourceTree = "<group>";
		};
		65FC27C02BA76A7700BD123F /* Components */ = {
			isa = PBXGroup;
			children = (
				65B85BF12BA6420F00DC6BA2 /* CustomTextFieldView.swift */,
				65C04D602D1FD4D900007235 /* MapsViewOfTrip.swift */,
				65FC27C12BA76AC800BD123F /* TabBarView.swift */,
				65FEAAEB2C0E3AAB005DC2CA /* CustomChatBubbleView.swift */,
				65B2EC412BB93C4F00B775CC /* CustomTripCardView.swift */,
				65D24C452BDC729C007578A2 /* CustomButtonTemplate.swift */,
				658DD7D12BD63FF300F10E3A /* ExploreTripCardView.swift */,
				658DD7CF2BD6352D00F10E3A /* CustomButton.swift */,
				65585F5B2BBAADA3006EAE60 /* TripsTabBarView.swift */,
				65585F5D2BBAAEBA006EAE60 /* TripsTabBarButton.swift */,
				656A8E672BB0A8BD00985076 /* CustomStoryView.swift */,
				656A8E6B2BB0ACF800985076 /* SinglePostView.swift */,
				650241AD2CA61AB000BC94E6 /* CommentSectionView.swift */,
				65B85BF52BA6467D00DC6BA2 /* InputOtpView.swift */,
			);
			path = Components;
			sourceTree = "<group>";
		};
		65FE67CB2C0E368200FF486B /* Chat Views */ = {
			isa = PBXGroup;
			children = (
				657284552BC8657200DAF637 /* AllChatsView.swift */,
				65FEAAE92C0E392A005DC2CA /* SingleChatView.swift */,
			);
			path = "Chat Views";
			sourceTree = "<group>";
		};
/* End PBXGroup section */

/* Begin PBXNativeTarget section */
		65953F922BA6199E00381628 /* TripOnBuddy */ = {
			isa = PBXNativeTarget;
			buildConfigurationList = 65953FA12BA619A000381628 /* Build configuration list for PBXNativeTarget "TripOnBuddy" */;
			buildPhases = (
				65953F8F2BA6199E00381628 /* Sources */,
				65953F902BA6199E00381628 /* Frameworks */,
				65953F912BA6199E00381628 /* Resources */,
			);
			buildRules = (
			);
			dependencies = (
			);
			name = TripOnBuddy;
			packageProductDependencies = (
				6505DA872C57E8A700BB1814 /* FirebaseAnalytics */,
				6505DA892C57E8A700BB1814 /* FirebaseAnalyticsOnDeviceConversion */,
				6505DA8B2C57E8A700BB1814 /* FirebaseAnalyticsSwift */,
				6505DA8D2C57E8A700BB1814 /* FirebaseAnalyticsWithoutAdIdSupport */,
				6505DA8F2C57E8A700BB1814 /* FirebaseAppCheck */,
				6505DA912C57E8A700BB1814 /* FirebaseAppDistribution-Beta */,
				6505DA932C57E8A700BB1814 /* FirebaseAuth */,
				6505DA952C57E8A700BB1814 /* FirebaseAuthCombine-Community */,
				6505DA972C57E8A700BB1814 /* FirebaseCrashlytics */,
				6505DA992C57E8A700BB1814 /* FirebaseDatabase */,
				6505DA9B2C57E8A700BB1814 /* FirebaseDatabaseSwift */,
				6505DA9D2C57E8A700BB1814 /* FirebaseDynamicLinks */,
				6505DA9F2C57E8A700BB1814 /* FirebaseFirestore */,
				6505DAA12C57E8A700BB1814 /* FirebaseFirestoreCombine-Community */,
				6505DAA32C57E8A700BB1814 /* FirebaseFirestoreSwift */,
				6505DAA52C57E8A700BB1814 /* FirebaseFunctions */,
				6505DAA72C57E8A700BB1814 /* FirebaseFunctionsCombine-Community */,
				6505DAA92C57E8A700BB1814 /* FirebaseInAppMessaging-Beta */,
				6505DAAB2C57E8A700BB1814 /* FirebaseInAppMessagingSwift-Beta */,
				6505DAAD2C57E8A700BB1814 /* FirebaseInstallations */,
				6505DAAF2C57E8A700BB1814 /* FirebaseMLModelDownloader */,
				6505DAB12C57E8A700BB1814 /* FirebaseMessaging */,
				6505DAB32C57E8A700BB1814 /* FirebasePerformance */,
				6505DAB52C57E8A700BB1814 /* FirebaseRemoteConfig */,
				6505DAB72C57E8A700BB1814 /* FirebaseRemoteConfigSwift */,
				6505DAB92C57E8A700BB1814 /* FirebaseStorage */,
				6505DABB2C57E8A700BB1814 /* FirebaseStorageCombine-Community */,
				6505DABD2C57E8A700BB1814 /* FirebaseVertexAI-Preview */,
			);
			productName = TripOnBuddy;
			productReference = 65953F932BA6199E00381628 /* TripOnBuddy.app */;
			productType = "com.apple.product-type.application";
		};
/* End PBXNativeTarget section */

/* Begin PBXProject section */
		65953F8B2BA6199E00381628 /* Project object */ = {
			isa = PBXProject;
			attributes = {
				BuildIndependentTargetsInParallel = 1;
				LastSwiftUpdateCheck = 1530;
				LastUpgradeCheck = 1530;
				TargetAttributes = {
					65953F922BA6199E00381628 = {
						CreatedOnToolsVersion = 15.3;
					};
				};
			};
			buildConfigurationList = 65953F8E2BA6199E00381628 /* Build configuration list for PBXProject "TripOnBuddy" */;
			compatibilityVersion = "Xcode 14.0";
			developmentRegion = en;
			hasScannedForEncodings = 0;
			knownRegions = (
				en,
				Base,
			);
			mainGroup = 65953F8A2BA6199E00381628;
			packageReferences = (
				6505DA862C57E8A700BB1814 /* XCRemoteSwiftPackageReference "firebase-ios-sdk" */,
			);
			productRefGroup = 65953F942BA6199E00381628 /* Products */;
			projectDirPath = "";
			projectRoot = "";
			targets = (
				65953F922BA6199E00381628 /* TripOnBuddy */,
			);
		};
/* End PBXProject section */

/* Begin PBXResourcesBuildPhase section */
		65953F912BA6199E00381628 /* Resources */ = {
			isa = PBXResourcesBuildPhase;
			buildActionMask = 2147483647;
			files = (
				65953F9E2BA619A000381628 /* Preview Assets.xcassets in Resources */,
				65953F9B2BA619A000381628 /* Assets.xcassets in Resources */,
				651E0DE62D1FDB8C00AB6867 /* GoogleService-Info.plist in Resources */,
			);
			runOnlyForDeploymentPostprocessing = 0;
		};
/* End PBXResourcesBuildPhase section */

/* Begin PBXSourcesBuildPhase section */
		65953F8F2BA6199E00381628 /* Sources */ = {
			isa = PBXSourcesBuildPhase;
			buildActionMask = 2147483647;
			files = (
				65953F992BA6199E00381628 /* RootView.swift in Sources */,
				65585F5C2BBAADA3006EAE60 /* TripsTabBarView.swift in Sources */,
				65FD1D3A2D210A02005B5E7D /* PostViewModel.swift in Sources */,
				65FC27CE2BA7700F00BD123F /* ProfileView.swift in Sources */,
				656B97982BA623A300A1F34C /* MySpaceView.swift in Sources */,
				658DD7D02BD6352D00F10E3A /* CustomButton.swift in Sources */,
				656A8E682BB0A8BD00985076 /* CustomStoryView.swift in Sources */,
				656A8E662BB09E5C00985076 /* StoryView.swift in Sources */,
				658DD7D22BD63FF300F10E3A /* ExploreTripCardView.swift in Sources */,
				659ED7B92C9BAF2C0028D783 /* ContentView.swift in Sources */,
				65FC27C22BA76AC800BD123F /* TabBarView.swift in Sources */,
				65FC27CC2BA7700200BD123F /* TripsView.swift in Sources */,
				650241AE2CA61AB000BC94E6 /* CommentSectionView.swift in Sources */,
				656B97942BA6238C00A1F34C /* SignUpView.swift in Sources */,
				65FC27C82BA76FEA00BD123F /* ExploreView.swift in Sources */,
				65B85BF62BA6467D00DC6BA2 /* InputOtpView.swift in Sources */,
				65953F972BA6199E00381628 /* TripOnBuddyApp.swift in Sources */,
				65585F612BBAB26A006EAE60 /* CompletedTripsView.swift in Sources */,
				65FD1D3E2D211A60005B5E7D /* ProfileViewModel.swift in Sources */,
				65FEAAEC2C0E3AAB005DC2CA /* CustomChatBubbleView.swift in Sources */,
				6559BAAE2BF28F2C007BA81B /* AddNewTripView.swift in Sources */,
				65FD1D342D20A894005B5E7D /* Post.swift in Sources */,
				656A8E642BB09D2500985076 /* DataServices.swift in Sources */,
				65C689392C9B81BB00F7A90D /* SignInView.swift in Sources */,
				65FD1D382D20FEE4005B5E7D /* RootViewModel.swift in Sources */,
				65080E202C99E3D100057CD3 /* AuthViewModel.swift in Sources */,
				656A8E6C2BB0ACF800985076 /* SinglePostView.swift in Sources */,
				65C04D612D1FD4D900007235 /* MapsViewOfTrip.swift in Sources */,
				65585F632BBAB274006EAE60 /* UpcomingTripsView.swift in Sources */,
				65FD1D322D20A58F005B5E7D /* PhotoPickerViewModel.swift in Sources */,
				657284582BC8661600DAF637 /* NotificationsView.swift in Sources */,
				65B2EC422BB93C4F00B775CC /* CustomTripCardView.swift in Sources */,
				65FEAAEA2C0E392A005DC2CA /* SingleChatView.swift in Sources */,
				65B85BF22BA6420F00DC6BA2 /* CustomTextFieldView.swift in Sources */,
				658DD7CD2BD6307800F10E3A /* UserProfilePageView.swift in Sources */,
				656A8E612BB09D0B00985076 /* StoriesTabModel.swift in Sources */,
				65585F672BBAB565006EAE60 /* TripsDetails.swift in Sources */,
				65FD1D362D20E5D5005B5E7D /* AddCaptionViewToPost.swift in Sources */,
				65275C632BA7791A00EBCE34 /* User.swift in Sources */,
				651E06232BD6EA52008917C6 /* HotSpotsModel.swift in Sources */,
				65FC27CA2BA76FF500BD123F /* PostView.swift in Sources */,
				65D24C462BDC729C007578A2 /* CustomButtonTemplate.swift in Sources */,
				65585F5E2BBAAEBA006EAE60 /* TripsTabBarButton.swift in Sources */,
				657284562BC8657200DAF637 /* AllChatsView.swift in Sources */,
			);
			runOnlyForDeploymentPostprocessing = 0;
		};
/* End PBXSourcesBuildPhase section */

/* Begin XCBuildConfiguration section */
		65953F9F2BA619A000381628 /* Debug */ = {
			isa = XCBuildConfiguration;
			buildSettings = {
				ALWAYS_SEARCH_USER_PATHS = NO;
				ASSETCATALOG_COMPILER_GENERATE_SWIFT_ASSET_SYMBOL_EXTENSIONS = YES;
				CLANG_ANALYZER_NONNULL = YES;
				CLANG_ANALYZER_NUMBER_OBJECT_CONVERSION = YES_AGGRESSIVE;
				CLANG_CXX_LANGUAGE_STANDARD = "gnu++20";
				CLANG_ENABLE_MODULES = YES;
				CLANG_ENABLE_OBJC_ARC = YES;
				CLANG_ENABLE_OBJC_WEAK = YES;
				CLANG_WARN_BLOCK_CAPTURE_AUTORELEASING = YES;
				CLANG_WARN_BOOL_CONVERSION = YES;
				CLANG_WARN_COMMA = YES;
				CLANG_WARN_CONSTANT_CONVERSION = YES;
				CLANG_WARN_DEPRECATED_OBJC_IMPLEMENTATIONS = YES;
				CLANG_WARN_DIRECT_OBJC_ISA_USAGE = YES_ERROR;
				CLANG_WARN_DOCUMENTATION_COMMENTS = YES;
				CLANG_WARN_EMPTY_BODY = YES;
				CLANG_WARN_ENUM_CONVERSION = YES;
				CLANG_WARN_INFINITE_RECURSION = YES;
				CLANG_WARN_INT_CONVERSION = YES;
				CLANG_WARN_NON_LITERAL_NULL_CONVERSION = YES;
				CLANG_WARN_OBJC_IMPLICIT_RETAIN_SELF = YES;
				CLANG_WARN_OBJC_LITERAL_CONVERSION = YES;
				CLANG_WARN_OBJC_ROOT_CLASS = YES_ERROR;
				CLANG_WARN_QUOTED_INCLUDE_IN_FRAMEWORK_HEADER = YES;
				CLANG_WARN_RANGE_LOOP_ANALYSIS = YES;
				CLANG_WARN_STRICT_PROTOTYPES = YES;
				CLANG_WARN_SUSPICIOUS_MOVE = YES;
				CLANG_WARN_UNGUARDED_AVAILABILITY = YES_AGGRESSIVE;
				CLANG_WARN_UNREACHABLE_CODE = YES;
				CLANG_WARN__DUPLICATE_METHOD_MATCH = YES;
				COPY_PHASE_STRIP = NO;
				DEBUG_INFORMATION_FORMAT = dwarf;
				ENABLE_STRICT_OBJC_MSGSEND = YES;
				ENABLE_TESTABILITY = YES;
				ENABLE_USER_SCRIPT_SANDBOXING = YES;
				GCC_C_LANGUAGE_STANDARD = gnu17;
				GCC_DYNAMIC_NO_PIC = NO;
				GCC_NO_COMMON_BLOCKS = YES;
				GCC_OPTIMIZATION_LEVEL = 1;
				GCC_PREPROCESSOR_DEFINITIONS = (
					"DEBUG=1",
					"$(inherited)",
				);
				GCC_WARN_64_TO_32_BIT_CONVERSION = YES;
				GCC_WARN_ABOUT_RETURN_TYPE = YES_ERROR;
				GCC_WARN_UNDECLARED_SELECTOR = YES;
				GCC_WARN_UNINITIALIZED_AUTOS = YES_AGGRESSIVE;
				GCC_WARN_UNUSED_FUNCTION = YES;
				GCC_WARN_UNUSED_VARIABLE = YES;
				IPHONEOS_DEPLOYMENT_TARGET = 17.4;
				LOCALIZATION_PREFERS_STRING_CATALOGS = YES;
				MTL_ENABLE_DEBUG_INFO = INCLUDE_SOURCE;
				MTL_FAST_MATH = YES;
				ONLY_ACTIVE_ARCH = YES;
				SDKROOT = iphoneos;
				SWIFT_ACTIVE_COMPILATION_CONDITIONS = "DEBUG $(inherited)";
				SWIFT_OPTIMIZATION_LEVEL = "-Onone";
				SWIFT_VERSION = 6.0;
			};
			name = Debug;
		};
		65953FA02BA619A000381628 /* Release */ = {
			isa = XCBuildConfiguration;
			buildSettings = {
				ALWAYS_SEARCH_USER_PATHS = NO;
				ASSETCATALOG_COMPILER_GENERATE_SWIFT_ASSET_SYMBOL_EXTENSIONS = YES;
				CLANG_ANALYZER_NONNULL = YES;
				CLANG_ANALYZER_NUMBER_OBJECT_CONVERSION = YES_AGGRESSIVE;
				CLANG_CXX_LANGUAGE_STANDARD = "gnu++20";
				CLANG_ENABLE_MODULES = YES;
				CLANG_ENABLE_OBJC_ARC = YES;
				CLANG_ENABLE_OBJC_WEAK = YES;
				CLANG_WARN_BLOCK_CAPTURE_AUTORELEASING = YES;
				CLANG_WARN_BOOL_CONVERSION = YES;
				CLANG_WARN_COMMA = YES;
				CLANG_WARN_CONSTANT_CONVERSION = YES;
				CLANG_WARN_DEPRECATED_OBJC_IMPLEMENTATIONS = YES;
				CLANG_WARN_DIRECT_OBJC_ISA_USAGE = YES_ERROR;
				CLANG_WARN_DOCUMENTATION_COMMENTS = YES;
				CLANG_WARN_EMPTY_BODY = YES;
				CLANG_WARN_ENUM_CONVERSION = YES;
				CLANG_WARN_INFINITE_RECURSION = YES;
				CLANG_WARN_INT_CONVERSION = YES;
				CLANG_WARN_NON_LITERAL_NULL_CONVERSION = YES;
				CLANG_WARN_OBJC_IMPLICIT_RETAIN_SELF = YES;
				CLANG_WARN_OBJC_LITERAL_CONVERSION = YES;
				CLANG_WARN_OBJC_ROOT_CLASS = YES_ERROR;
				CLANG_WARN_QUOTED_INCLUDE_IN_FRAMEWORK_HEADER = YES;
				CLANG_WARN_RANGE_LOOP_ANALYSIS = YES;
				CLANG_WARN_STRICT_PROTOTYPES = YES;
				CLANG_WARN_SUSPICIOUS_MOVE = YES;
				CLANG_WARN_UNGUARDED_AVAILABILITY = YES_AGGRESSIVE;
				CLANG_WARN_UNREACHABLE_CODE = YES;
				CLANG_WARN__DUPLICATE_METHOD_MATCH = YES;
				COPY_PHASE_STRIP = NO;
				DEBUG_INFORMATION_FORMAT = "dwarf-with-dsym";
				ENABLE_NS_ASSERTIONS = YES;
				ENABLE_STRICT_OBJC_MSGSEND = YES;
				ENABLE_USER_SCRIPT_SANDBOXING = YES;
				GCC_C_LANGUAGE_STANDARD = gnu17;
				GCC_NO_COMMON_BLOCKS = YES;
				GCC_WARN_64_TO_32_BIT_CONVERSION = YES;
				GCC_WARN_ABOUT_RETURN_TYPE = YES_ERROR;
				GCC_WARN_UNDECLARED_SELECTOR = YES;
				GCC_WARN_UNINITIALIZED_AUTOS = YES_AGGRESSIVE;
				GCC_WARN_UNUSED_FUNCTION = YES;
				GCC_WARN_UNUSED_VARIABLE = YES;
				IPHONEOS_DEPLOYMENT_TARGET = 17.4;
				LOCALIZATION_PREFERS_STRING_CATALOGS = YES;
				MTL_ENABLE_DEBUG_INFO = NO;
				MTL_FAST_MATH = YES;
				SDKROOT = iphoneos;
				SWIFT_COMPILATION_MODE = wholemodule;
				SWIFT_OPTIMIZATION_LEVEL = "-Onone";
				SWIFT_VERSION = 6.0;
				VALIDATE_PRODUCT = YES;
			};
			name = Release;
		};
		65953FA22BA619A000381628 /* Debug */ = {
			isa = XCBuildConfiguration;
			buildSettings = {
				ASSETCATALOG_COMPILER_APPICON_NAME = TripOnBuddyAppIcon;
				ASSETCATALOG_COMPILER_GLOBAL_ACCENT_COLOR_NAME = AccentColor;
				ASSETCATALOG_COMPILER_INCLUDE_ALL_APPICON_ASSETS = YES;
				CODE_SIGN_STYLE = Automatic;
				CURRENT_PROJECT_VERSION = 1;
				DEVELOPMENT_ASSET_PATHS = "\"TripOnBuddy/Preview Content\"";
				DEVELOPMENT_TEAM = 7QC2TV4KX7;
				ENABLE_PREVIEWS = YES;
				GENERATE_INFOPLIST_FILE = YES;
				INFOPLIST_FILE = TripOnBuddy/Info.plist;
				INFOPLIST_KEY_CFBundleDisplayName = "Trip On Buddy";
				INFOPLIST_KEY_LSApplicationCategoryType = "public.app-category.travel";
				INFOPLIST_KEY_NSCameraUsageDescription = sadfasdasd;
				INFOPLIST_KEY_NSPhotoLibraryAddUsageDescription = "Need the access to let user post images.";
				INFOPLIST_KEY_NSPhotoLibraryUsageDescription = "add photos";
				INFOPLIST_KEY_UIApplicationSceneManifest_Generation = YES;
				INFOPLIST_KEY_UIApplicationSupportsIndirectInputEvents = YES;
				INFOPLIST_KEY_UILaunchScreen_Generation = YES;
				INFOPLIST_KEY_UISupportedInterfaceOrientations_iPad = "UIInterfaceOrientationPortrait UIInterfaceOrientationPortraitUpsideDown UIInterfaceOrientationLandscapeLeft UIInterfaceOrientationLandscapeRight";
				INFOPLIST_KEY_UISupportedInterfaceOrientations_iPhone = "UIInterfaceOrientationPortrait UIInterfaceOrientationLandscapeLeft UIInterfaceOrientationLandscapeRight";
				IPHONEOS_DEPLOYMENT_TARGET = 17.0;
				LD_RUNPATH_SEARCH_PATHS = (
					"$(inherited)",
					"@executable_path/Frameworks",
				);
				MARKETING_VERSION = 1.0;
				PRODUCT_BUNDLE_IDENTIFIER = DevNav.TripOnBuddy;
				PRODUCT_NAME = "$(TARGET_NAME)";
				SWIFT_EMIT_LOC_STRINGS = YES;
				SWIFT_VERSION = 5.0;
				TARGETED_DEVICE_FAMILY = "1,2";
			};
			name = Debug;
		};
		65953FA32BA619A000381628 /* Release */ = {
			isa = XCBuildConfiguration;
			buildSettings = {
				ASSETCATALOG_COMPILER_APPICON_NAME = TripOnBuddyAppIcon;
				ASSETCATALOG_COMPILER_GLOBAL_ACCENT_COLOR_NAME = AccentColor;
				ASSETCATALOG_COMPILER_INCLUDE_ALL_APPICON_ASSETS = YES;
				CODE_SIGN_STYLE = Automatic;
				CURRENT_PROJECT_VERSION = 1;
				DEVELOPMENT_ASSET_PATHS = "\"TripOnBuddy/Preview Content\"";
				DEVELOPMENT_TEAM = 7QC2TV4KX7;
				ENABLE_PREVIEWS = YES;
				GENERATE_INFOPLIST_FILE = YES;
				INFOPLIST_FILE = TripOnBuddy/Info.plist;
				INFOPLIST_KEY_CFBundleDisplayName = "Trip On Buddy";
				INFOPLIST_KEY_LSApplicationCategoryType = "public.app-category.travel";
				INFOPLIST_KEY_NSCameraUsageDescription = sadfasdasd;
				INFOPLIST_KEY_NSPhotoLibraryAddUsageDescription = "Need the access to let user post images.";
				INFOPLIST_KEY_NSPhotoLibraryUsageDescription = "add photos";
				INFOPLIST_KEY_UIApplicationSceneManifest_Generation = YES;
				INFOPLIST_KEY_UIApplicationSupportsIndirectInputEvents = YES;
				INFOPLIST_KEY_UILaunchScreen_Generation = YES;
				INFOPLIST_KEY_UISupportedInterfaceOrientations_iPad = "UIInterfaceOrientationPortrait UIInterfaceOrientationPortraitUpsideDown UIInterfaceOrientationLandscapeLeft UIInterfaceOrientationLandscapeRight";
				INFOPLIST_KEY_UISupportedInterfaceOrientations_iPhone = "UIInterfaceOrientationPortrait UIInterfaceOrientationLandscapeLeft UIInterfaceOrientationLandscapeRight";
				IPHONEOS_DEPLOYMENT_TARGET = 17.0;
				LD_RUNPATH_SEARCH_PATHS = (
					"$(inherited)",
					"@executable_path/Frameworks",
				);
				MARKETING_VERSION = 1.0;
				PRODUCT_BUNDLE_IDENTIFIER = DevNav.TripOnBuddy;
				PRODUCT_NAME = "$(TARGET_NAME)";
				SWIFT_EMIT_LOC_STRINGS = YES;
				SWIFT_VERSION = 5.0;
				TARGETED_DEVICE_FAMILY = "1,2";
			};
			name = Release;
		};
/* End XCBuildConfiguration section */

/* Begin XCConfigurationList section */
		65953F8E2BA6199E00381628 /* Build configuration list for PBXProject "TripOnBuddy" */ = {
			isa = XCConfigurationList;
			buildConfigurations = (
				65953F9F2BA619A000381628 /* Debug */,
				65953FA02BA619A000381628 /* Release */,
			);
			defaultConfigurationIsVisible = 0;
			defaultConfigurationName = Release;
		};
		65953FA12BA619A000381628 /* Build configuration list for PBXNativeTarget "TripOnBuddy" */ = {
			isa = XCConfigurationList;
			buildConfigurations = (
				65953FA22BA619A000381628 /* Debug */,
				65953FA32BA619A000381628 /* Release */,
			);
			defaultConfigurationIsVisible = 0;
			defaultConfigurationName = Release;
		};
/* End XCConfigurationList section */

/* Begin XCRemoteSwiftPackageReference section */
		6505DA862C57E8A700BB1814 /* XCRemoteSwiftPackageReference "firebase-ios-sdk" */ = {
			isa = XCRemoteSwiftPackageReference;
			repositoryURL = "https://github.com/firebase/firebase-ios-sdk.git";
			requirement = {
				kind = upToNextMajorVersion;
				minimumVersion = 10.29.0;
			};
		};
/* End XCRemoteSwiftPackageReference section */

/* Begin XCSwiftPackageProductDependency section */
		6505DA872C57E8A700BB1814 /* FirebaseAnalytics */ = {
			isa = XCSwiftPackageProductDependency;
			package = 6505DA862C57E8A700BB1814 /* XCRemoteSwiftPackageReference "firebase-ios-sdk" */;
			productName = FirebaseAnalytics;
		};
		6505DA892C57E8A700BB1814 /* FirebaseAnalyticsOnDeviceConversion */ = {
			isa = XCSwiftPackageProductDependency;
			package = 6505DA862C57E8A700BB1814 /* XCRemoteSwiftPackageReference "firebase-ios-sdk" */;
			productName = FirebaseAnalyticsOnDeviceConversion;
		};
		6505DA8B2C57E8A700BB1814 /* FirebaseAnalyticsSwift */ = {
			isa = XCSwiftPackageProductDependency;
			package = 6505DA862C57E8A700BB1814 /* XCRemoteSwiftPackageReference "firebase-ios-sdk" */;
			productName = FirebaseAnalyticsSwift;
		};
		6505DA8D2C57E8A700BB1814 /* FirebaseAnalyticsWithoutAdIdSupport */ = {
			isa = XCSwiftPackageProductDependency;
			package = 6505DA862C57E8A700BB1814 /* XCRemoteSwiftPackageReference "firebase-ios-sdk" */;
			productName = FirebaseAnalyticsWithoutAdIdSupport;
		};
		6505DA8F2C57E8A700BB1814 /* FirebaseAppCheck */ = {
			isa = XCSwiftPackageProductDependency;
			package = 6505DA862C57E8A700BB1814 /* XCRemoteSwiftPackageReference "firebase-ios-sdk" */;
			productName = FirebaseAppCheck;
		};
		6505DA912C57E8A700BB1814 /* FirebaseAppDistribution-Beta */ = {
			isa = XCSwiftPackageProductDependency;
			package = 6505DA862C57E8A700BB1814 /* XCRemoteSwiftPackageReference "firebase-ios-sdk" */;
			productName = "FirebaseAppDistribution-Beta";
		};
		6505DA932C57E8A700BB1814 /* FirebaseAuth */ = {
			isa = XCSwiftPackageProductDependency;
			package = 6505DA862C57E8A700BB1814 /* XCRemoteSwiftPackageReference "firebase-ios-sdk" */;
			productName = FirebaseAuth;
		};
		6505DA952C57E8A700BB1814 /* FirebaseAuthCombine-Community */ = {
			isa = XCSwiftPackageProductDependency;
			package = 6505DA862C57E8A700BB1814 /* XCRemoteSwiftPackageReference "firebase-ios-sdk" */;
			productName = "FirebaseAuthCombine-Community";
		};
		6505DA972C57E8A700BB1814 /* FirebaseCrashlytics */ = {
			isa = XCSwiftPackageProductDependency;
			package = 6505DA862C57E8A700BB1814 /* XCRemoteSwiftPackageReference "firebase-ios-sdk" */;
			productName = FirebaseCrashlytics;
		};
		6505DA992C57E8A700BB1814 /* FirebaseDatabase */ = {
			isa = XCSwiftPackageProductDependency;
			package = 6505DA862C57E8A700BB1814 /* XCRemoteSwiftPackageReference "firebase-ios-sdk" */;
			productName = FirebaseDatabase;
		};
		6505DA9B2C57E8A700BB1814 /* FirebaseDatabaseSwift */ = {
			isa = XCSwiftPackageProductDependency;
			package = 6505DA862C57E8A700BB1814 /* XCRemoteSwiftPackageReference "firebase-ios-sdk" */;
			productName = FirebaseDatabaseSwift;
		};
		6505DA9D2C57E8A700BB1814 /* FirebaseDynamicLinks */ = {
			isa = XCSwiftPackageProductDependency;
			package = 6505DA862C57E8A700BB1814 /* XCRemoteSwiftPackageReference "firebase-ios-sdk" */;
			productName = FirebaseDynamicLinks;
		};
		6505DA9F2C57E8A700BB1814 /* FirebaseFirestore */ = {
			isa = XCSwiftPackageProductDependency;
			package = 6505DA862C57E8A700BB1814 /* XCRemoteSwiftPackageReference "firebase-ios-sdk" */;
			productName = FirebaseFirestore;
		};
		6505DAA12C57E8A700BB1814 /* FirebaseFirestoreCombine-Community */ = {
			isa = XCSwiftPackageProductDependency;
			package = 6505DA862C57E8A700BB1814 /* XCRemoteSwiftPackageReference "firebase-ios-sdk" */;
			productName = "FirebaseFirestoreCombine-Community";
		};
		6505DAA32C57E8A700BB1814 /* FirebaseFirestoreSwift */ = {
			isa = XCSwiftPackageProductDependency;
			package = 6505DA862C57E8A700BB1814 /* XCRemoteSwiftPackageReference "firebase-ios-sdk" */;
			productName = FirebaseFirestoreSwift;
		};
		6505DAA52C57E8A700BB1814 /* FirebaseFunctions */ = {
			isa = XCSwiftPackageProductDependency;
			package = 6505DA862C57E8A700BB1814 /* XCRemoteSwiftPackageReference "firebase-ios-sdk" */;
			productName = FirebaseFunctions;
		};
		6505DAA72C57E8A700BB1814 /* FirebaseFunctionsCombine-Community */ = {
			isa = XCSwiftPackageProductDependency;
			package = 6505DA862C57E8A700BB1814 /* XCRemoteSwiftPackageReference "firebase-ios-sdk" */;
			productName = "FirebaseFunctionsCombine-Community";
		};
		6505DAA92C57E8A700BB1814 /* FirebaseInAppMessaging-Beta */ = {
			isa = XCSwiftPackageProductDependency;
			package = 6505DA862C57E8A700BB1814 /* XCRemoteSwiftPackageReference "firebase-ios-sdk" */;
			productName = "FirebaseInAppMessaging-Beta";
		};
		6505DAAB2C57E8A700BB1814 /* FirebaseInAppMessagingSwift-Beta */ = {
			isa = XCSwiftPackageProductDependency;
			package = 6505DA862C57E8A700BB1814 /* XCRemoteSwiftPackageReference "firebase-ios-sdk" */;
			productName = "FirebaseInAppMessagingSwift-Beta";
		};
		6505DAAD2C57E8A700BB1814 /* FirebaseInstallations */ = {
			isa = XCSwiftPackageProductDependency;
			package = 6505DA862C57E8A700BB1814 /* XCRemoteSwiftPackageReference "firebase-ios-sdk" */;
			productName = FirebaseInstallations;
		};
		6505DAAF2C57E8A700BB1814 /* FirebaseMLModelDownloader */ = {
			isa = XCSwiftPackageProductDependency;
			package = 6505DA862C57E8A700BB1814 /* XCRemoteSwiftPackageReference "firebase-ios-sdk" */;
			productName = FirebaseMLModelDownloader;
		};
		6505DAB12C57E8A700BB1814 /* FirebaseMessaging */ = {
			isa = XCSwiftPackageProductDependency;
			package = 6505DA862C57E8A700BB1814 /* XCRemoteSwiftPackageReference "firebase-ios-sdk" */;
			productName = FirebaseMessaging;
		};
		6505DAB32C57E8A700BB1814 /* FirebasePerformance */ = {
			isa = XCSwiftPackageProductDependency;
			package = 6505DA862C57E8A700BB1814 /* XCRemoteSwiftPackageReference "firebase-ios-sdk" */;
			productName = FirebasePerformance;
		};
		6505DAB52C57E8A700BB1814 /* FirebaseRemoteConfig */ = {
			isa = XCSwiftPackageProductDependency;
			package = 6505DA862C57E8A700BB1814 /* XCRemoteSwiftPackageReference "firebase-ios-sdk" */;
			productName = FirebaseRemoteConfig;
		};
		6505DAB72C57E8A700BB1814 /* FirebaseRemoteConfigSwift */ = {
			isa = XCSwiftPackageProductDependency;
			package = 6505DA862C57E8A700BB1814 /* XCRemoteSwiftPackageReference "firebase-ios-sdk" */;
			productName = FirebaseRemoteConfigSwift;
		};
		6505DAB92C57E8A700BB1814 /* FirebaseStorage */ = {
			isa = XCSwiftPackageProductDependency;
			package = 6505DA862C57E8A700BB1814 /* XCRemoteSwiftPackageReference "firebase-ios-sdk" */;
			productName = FirebaseStorage;
		};
		6505DABB2C57E8A700BB1814 /* FirebaseStorageCombine-Community */ = {
			isa = XCSwiftPackageProductDependency;
			package = 6505DA862C57E8A700BB1814 /* XCRemoteSwiftPackageReference "firebase-ios-sdk" */;
			productName = "FirebaseStorageCombine-Community";
		};
		6505DABD2C57E8A700BB1814 /* FirebaseVertexAI-Preview */ = {
			isa = XCSwiftPackageProductDependency;
			package = 6505DA862C57E8A700BB1814 /* XCRemoteSwiftPackageReference "firebase-ios-sdk" */;
			productName = "FirebaseVertexAI-Preview";
		};
/* End XCSwiftPackageProductDependency section */
	};
	rootObject = 65953F8B2BA6199E00381628 /* Project object */;
}
